// !$*UTF8*$!
{
	archiveVersion = 1;
	classes = {
	};
	objectVersion = 46;
	objects = {

/* Begin PBXBuildFile section */
		096D04BB1A9E8B6E006654C6 /* FacebookSDK.framework in Frameworks */ = {isa = PBXBuildFile; fileRef = 096D04B91A9E8B6E006654C6 /* FacebookSDK.framework */; };
		096D04BC1A9E8B6E006654C6 /* MyoKit.framework in Frameworks */ = {isa = PBXBuildFile; fileRef = 096D04BA1A9E8B6E006654C6 /* MyoKit.framework */; };
		097400191A8630B30012E465 /* main.m in Sources */ = {isa = PBXBuildFile; fileRef = 097400181A8630B30012E465 /* main.m */; };
		0974001C1A8630B30012E465 /* AppDelegate.m in Sources */ = {isa = PBXBuildFile; fileRef = 0974001B1A8630B30012E465 /* AppDelegate.m */; };
		097400241A8630B30012E465 /* Images.xcassets in Resources */ = {isa = PBXBuildFile; fileRef = 097400231A8630B30012E465 /* Images.xcassets */; };
		097400271A8630B30012E465 /* LaunchScreen.xib in Resources */ = {isa = PBXBuildFile; fileRef = 097400251A8630B30012E465 /* LaunchScreen.xib */; };
		0974003F1A86358D0012E465 /* MainViewController.m in Sources */ = {isa = PBXBuildFile; fileRef = 0974003D1A86358D0012E465 /* MainViewController.m */; };
		097400401A86358D0012E465 /* MainViewController.xib in Resources */ = {isa = PBXBuildFile; fileRef = 0974003E1A86358D0012E465 /* MainViewController.xib */; };
		097400461A8635DA0012E465 /* GameViewController.m in Sources */ = {isa = PBXBuildFile; fileRef = 097400441A8635DA0012E465 /* GameViewController.m */; };
		097400471A8635DA0012E465 /* GameViewController.xib in Resources */ = {isa = PBXBuildFile; fileRef = 097400451A8635DA0012E465 /* GameViewController.xib */; };
		097400701A87EF3E0012E465 /* InstructionsViewController.m in Sources */ = {isa = PBXBuildFile; fileRef = 0974006E1A87EF3E0012E465 /* InstructionsViewController.m */; };
		097400711A87EF3E0012E465 /* InstructionsViewController.xib in Resources */ = {isa = PBXBuildFile; fileRef = 0974006F1A87EF3E0012E465 /* InstructionsViewController.xib */; };
		097400751A87EFBE0012E465 /* BestScoresViewController.m in Sources */ = {isa = PBXBuildFile; fileRef = 097400731A87EFBE0012E465 /* BestScoresViewController.m */; };
		097400761A87EFBE0012E465 /* BestScoresViewController.xib in Resources */ = {isa = PBXBuildFile; fileRef = 097400741A87EFBE0012E465 /* BestScoresViewController.xib */; };
		0974007A1A87EFD20012E465 /* CreditsViewController.m in Sources */ = {isa = PBXBuildFile; fileRef = 097400781A87EFD20012E465 /* CreditsViewController.m */; };
		0974007B1A87EFD20012E465 /* CreditsViewController.xib in Resources */ = {isa = PBXBuildFile; fileRef = 097400791A87EFD20012E465 /* CreditsViewController.xib */; };
		097400881A880A130012E465 /* blip1.mp3 in Resources */ = {isa = PBXBuildFile; fileRef = 0974007C1A880A130012E465 /* blip1.mp3 */; };
		097400891A880A130012E465 /* blip2.mp3 in Resources */ = {isa = PBXBuildFile; fileRef = 0974007D1A880A130012E465 /* blip2.mp3 */; };
		0974008A1A880A130012E465 /* blip3.mp3 in Resources */ = {isa = PBXBuildFile; fileRef = 0974007E1A880A130012E465 /* blip3.mp3 */; };
		0974008B1A880A130012E465 /* blip4.mp3 in Resources */ = {isa = PBXBuildFile; fileRef = 0974007F1A880A130012E465 /* blip4.mp3 */; };
		0974008C1A880A130012E465 /* btn_best_scores.png in Resources */ = {isa = PBXBuildFile; fileRef = 097400801A880A130012E465 /* btn_best_scores.png */; };
		0974008D1A880A130012E465 /* btn_credits.png in Resources */ = {isa = PBXBuildFile; fileRef = 097400811A880A130012E465 /* btn_credits.png */; };
		0974008E1A880A130012E465 /* btn_exit.png in Resources */ = {isa = PBXBuildFile; fileRef = 097400821A880A130012E465 /* btn_exit.png */; };
		0974008F1A880A130012E465 /* btn_instructions.png in Resources */ = {isa = PBXBuildFile; fileRef = 097400831A880A130012E465 /* btn_instructions.png */; };
		097400901A880A130012E465 /* btn_play.png in Resources */ = {isa = PBXBuildFile; fileRef = 097400841A880A130012E465 /* btn_play.png */; };
		097400911A880A130012E465 /* game.png in Resources */ = {isa = PBXBuildFile; fileRef = 097400851A880A130012E465 /* game.png */; };
		097400921A880A130012E465 /* instructions.png in Resources */ = {isa = PBXBuildFile; fileRef = 097400861A880A130012E465 /* instructions.png */; };
		097400931A880A130012E465 /* menu.png in Resources */ = {isa = PBXBuildFile; fileRef = 097400871A880A130012E465 /* menu.png */; };
		097400971A880B280012E465 /* btn_return.png in Resources */ = {isa = PBXBuildFile; fileRef = 097400961A880B280012E465 /* btn_return.png */; };
		0974009A1A88112E0012E465 /* btn_continue.png in Resources */ = {isa = PBXBuildFile; fileRef = 097400981A88112E0012E465 /* btn_continue.png */; };
		0974009B1A88112E0012E465 /* btn_pause.png in Resources */ = {isa = PBXBuildFile; fileRef = 097400991A88112E0012E465 /* btn_pause.png */; };
		097400AA1A8826120012E465 /* game_bottom.png in Resources */ = {isa = PBXBuildFile; fileRef = 097400A61A8826120012E465 /* game_bottom.png */; };
		097400AB1A8826120012E465 /* game_left.png in Resources */ = {isa = PBXBuildFile; fileRef = 097400A71A8826120012E465 /* game_left.png */; };
		097400AC1A8826120012E465 /* game_right.png in Resources */ = {isa = PBXBuildFile; fileRef = 097400A81A8826120012E465 /* game_right.png */; };
		097400AD1A8826120012E465 /* game_top.png in Resources */ = {isa = PBXBuildFile; fileRef = 097400A91A8826120012E465 /* game_top.png */; };
		09A3E0FD1A9904280016FC24 /* credits.png in Resources */ = {isa = PBXBuildFile; fileRef = 09A3E0F91A9904280016FC24 /* credits.png */; };
		09A3E0FE1A9904280016FC24 /* gameover.png in Resources */ = {isa = PBXBuildFile; fileRef = 09A3E0FA1A9904280016FC24 /* gameover.png */; };
		09A3E1001A9904280016FC24 /* splash.png in Resources */ = {isa = PBXBuildFile; fileRef = 09A3E0FC1A9904280016FC24 /* splash.png */; };
		09A3E1021A99045E0016FC24 /* best_scores.png in Resources */ = {isa = PBXBuildFile; fileRef = 09A3E1011A99045E0016FC24 /* best_scores.png */; };
		09A3E1061A990F200016FC24 /* GameOverViewController.m in Sources */ = {isa = PBXBuildFile; fileRef = 09A3E1041A990F200016FC24 /* GameOverViewController.m */; };
		09A3E1071A990F200016FC24 /* GameOverViewController.xib in Resources */ = {isa = PBXBuildFile; fileRef = 09A3E1051A990F200016FC24 /* GameOverViewController.xib */; };
		09A3E10B1A9BCA120016FC24 /* SyncViewController.m in Sources */ = {isa = PBXBuildFile; fileRef = 09A3E1091A9BCA120016FC24 /* SyncViewController.m */; };
		09A3E10C1A9BCA120016FC24 /* SyncViewController.xib in Resources */ = {isa = PBXBuildFile; fileRef = 09A3E10A1A9BCA120016FC24 /* SyncViewController.xib */; };
		09A3E1111A9BCB280016FC24 /* game_go.png in Resources */ = {isa = PBXBuildFile; fileRef = 09A3E10D1A9BCB280016FC24 /* game_go.png */; };
		09A3E1121A9BCB280016FC24 /* game_miss.png in Resources */ = {isa = PBXBuildFile; fileRef = 09A3E10E1A9BCB280016FC24 /* game_miss.png */; };
		09A3E1171A9BD1EB0016FC24 /* sync1.png in Resources */ = {isa = PBXBuildFile; fileRef = 09A3E1151A9BD1EB0016FC24 /* sync1.png */; };
		09A3E1181A9BD1EB0016FC24 /* sync2.png in Resources */ = {isa = PBXBuildFile; fileRef = 09A3E1161A9BD1EB0016FC24 /* sync2.png */; };
		09A3E11B1A9BD2340016FC24 /* btn_sync_myo.png in Resources */ = {isa = PBXBuildFile; fileRef = 09A3E1191A9BD2340016FC24 /* btn_sync_myo.png */; };
		09A3E11C1A9BD2340016FC24 /* btn_sync_no_myo.png in Resources */ = {isa = PBXBuildFile; fileRef = 09A3E11A1A9BD2340016FC24 /* btn_sync_no_myo.png */; };
		09A3E11F1A9BE23B0016FC24 /* go.mp3 in Resources */ = {isa = PBXBuildFile; fileRef = 09A3E11D1A9BE23B0016FC24 /* go.mp3 */; };
		09A3E1201A9BE23B0016FC24 /* miss.mp3 in Resources */ = {isa = PBXBuildFile; fileRef = 09A3E11E1A9BE23B0016FC24 /* miss.mp3 */; };
		09A3E1221A9BE3BA0016FC24 /* game_ready.png in Resources */ = {isa = PBXBuildFile; fileRef = 09A3E1211A9BE3BA0016FC24 /* game_ready.png */; };
		09A3E1241A9BE4FA0016FC24 /* game_good.png in Resources */ = {isa = PBXBuildFile; fileRef = 09A3E1231A9BE4FA0016FC24 /* game_good.png */; };
		09A3E1261A9BEC380016FC24 /* btn_back_to_menu.png in Resources */ = {isa = PBXBuildFile; fileRef = 09A3E1251A9BEC380016FC24 /* btn_back_to_menu.png */; };
/* End PBXBuildFile section */

/* Begin PBXFileReference section */
		096D04B91A9E8B6E006654C6 /* FacebookSDK.framework */ = {isa = PBXFileReference; lastKnownFileType = wrapper.framework; name = FacebookSDK.framework; path = Frameworks/FacebookSDK.framework; sourceTree = "<group>"; };
		096D04BA1A9E8B6E006654C6 /* MyoKit.framework */ = {isa = PBXFileReference; lastKnownFileType = wrapper.framework; name = MyoKit.framework; path = Frameworks/MyoKit.framework; sourceTree = "<group>"; };
		097400131A8630B30012E465 /* SiMYOn.app */ = {isa = PBXFileReference; explicitFileType = wrapper.application; includeInIndex = 0; path = SiMYOn.app; sourceTree = BUILT_PRODUCTS_DIR; };
		097400171A8630B30012E465 /* Info.plist */ = {isa = PBXFileReference; lastKnownFileType = text.plist.xml; path = Info.plist; sourceTree = "<group>"; };
		097400181A8630B30012E465 /* main.m */ = {isa = PBXFileReference; lastKnownFileType = sourcecode.c.objc; path = main.m; sourceTree = "<group>"; };
		0974001A1A8630B30012E465 /* AppDelegate.h */ = {isa = PBXFileReference; lastKnownFileType = sourcecode.c.h; path = AppDelegate.h; sourceTree = "<group>"; };
		0974001B1A8630B30012E465 /* AppDelegate.m */ = {isa = PBXFileReference; lastKnownFileType = sourcecode.c.objc; path = AppDelegate.m; sourceTree = "<group>"; };
		097400231A8630B30012E465 /* Images.xcassets */ = {isa = PBXFileReference; lastKnownFileType = folder.assetcatalog; path = Images.xcassets; sourceTree = "<group>"; };
		097400261A8630B30012E465 /* Base */ = {isa = PBXFileReference; lastKnownFileType = file.xib; name = Base; path = Base.lproj/LaunchScreen.xib; sourceTree = "<group>"; };
		0974003C1A86358D0012E465 /* MainViewController.h */ = {isa = PBXFileReference; fileEncoding = 4; lastKnownFileType = sourcecode.c.h; path = MainViewController.h; sourceTree = "<group>"; };
		0974003D1A86358D0012E465 /* MainViewController.m */ = {isa = PBXFileReference; fileEncoding = 4; lastKnownFileType = sourcecode.c.objc; path = MainViewController.m; sourceTree = "<group>"; };
		0974003E1A86358D0012E465 /* MainViewController.xib */ = {isa = PBXFileReference; fileEncoding = 4; lastKnownFileType = file.xib; path = MainViewController.xib; sourceTree = "<group>"; };
		097400431A8635DA0012E465 /* GameViewController.h */ = {isa = PBXFileReference; fileEncoding = 4; lastKnownFileType = sourcecode.c.h; path = GameViewController.h; sourceTree = "<group>"; };
		097400441A8635DA0012E465 /* GameViewController.m */ = {isa = PBXFileReference; fileEncoding = 4; lastKnownFileType = sourcecode.c.objc; path = GameViewController.m; sourceTree = "<group>"; };
		097400451A8635DA0012E465 /* GameViewController.xib */ = {isa = PBXFileReference; fileEncoding = 4; lastKnownFileType = file.xib; path = GameViewController.xib; sourceTree = "<group>"; };
		0974006D1A87EF3E0012E465 /* InstructionsViewController.h */ = {isa = PBXFileReference; fileEncoding = 4; lastKnownFileType = sourcecode.c.h; path = InstructionsViewController.h; sourceTree = "<group>"; };
		0974006E1A87EF3E0012E465 /* InstructionsViewController.m */ = {isa = PBXFileReference; fileEncoding = 4; lastKnownFileType = sourcecode.c.objc; path = InstructionsViewController.m; sourceTree = "<group>"; };
		0974006F1A87EF3E0012E465 /* InstructionsViewController.xib */ = {isa = PBXFileReference; fileEncoding = 4; lastKnownFileType = file.xib; path = InstructionsViewController.xib; sourceTree = "<group>"; };
		097400721A87EFBE0012E465 /* BestScoresViewController.h */ = {isa = PBXFileReference; fileEncoding = 4; lastKnownFileType = sourcecode.c.h; path = BestScoresViewController.h; sourceTree = "<group>"; };
		097400731A87EFBE0012E465 /* BestScoresViewController.m */ = {isa = PBXFileReference; fileEncoding = 4; lastKnownFileType = sourcecode.c.objc; path = BestScoresViewController.m; sourceTree = "<group>"; };
		097400741A87EFBE0012E465 /* BestScoresViewController.xib */ = {isa = PBXFileReference; fileEncoding = 4; lastKnownFileType = file.xib; path = BestScoresViewController.xib; sourceTree = "<group>"; };
		097400771A87EFD20012E465 /* CreditsViewController.h */ = {isa = PBXFileReference; fileEncoding = 4; lastKnownFileType = sourcecode.c.h; path = CreditsViewController.h; sourceTree = "<group>"; };
		097400781A87EFD20012E465 /* CreditsViewController.m */ = {isa = PBXFileReference; fileEncoding = 4; lastKnownFileType = sourcecode.c.objc; path = CreditsViewController.m; sourceTree = "<group>"; };
		097400791A87EFD20012E465 /* CreditsViewController.xib */ = {isa = PBXFileReference; fileEncoding = 4; lastKnownFileType = file.xib; path = CreditsViewController.xib; sourceTree = "<group>"; };
		0974007C1A880A130012E465 /* blip1.mp3 */ = {isa = PBXFileReference; lastKnownFileType = audio.mp3; name = blip1.mp3; path = SiMYOn/Assets/blip1.mp3; sourceTree = "<group>"; };
		0974007D1A880A130012E465 /* blip2.mp3 */ = {isa = PBXFileReference; lastKnownFileType = audio.mp3; name = blip2.mp3; path = SiMYOn/Assets/blip2.mp3; sourceTree = "<group>"; };
		0974007E1A880A130012E465 /* blip3.mp3 */ = {isa = PBXFileReference; lastKnownFileType = audio.mp3; name = blip3.mp3; path = SiMYOn/Assets/blip3.mp3; sourceTree = "<group>"; };
		0974007F1A880A130012E465 /* blip4.mp3 */ = {isa = PBXFileReference; lastKnownFileType = audio.mp3; name = blip4.mp3; path = SiMYOn/Assets/blip4.mp3; sourceTree = "<group>"; };
		097400801A880A130012E465 /* btn_best_scores.png */ = {isa = PBXFileReference; lastKnownFileType = image.png; name = btn_best_scores.png; path = SiMYOn/Assets/btn_best_scores.png; sourceTree = "<group>"; };
		097400811A880A130012E465 /* btn_credits.png */ = {isa = PBXFileReference; lastKnownFileType = image.png; name = btn_credits.png; path = SiMYOn/Assets/btn_credits.png; sourceTree = "<group>"; };
		097400821A880A130012E465 /* btn_exit.png */ = {isa = PBXFileReference; lastKnownFileType = image.png; name = btn_exit.png; path = SiMYOn/Assets/btn_exit.png; sourceTree = "<group>"; };
		097400831A880A130012E465 /* btn_instructions.png */ = {isa = PBXFileReference; lastKnownFileType = image.png; name = btn_instructions.png; path = SiMYOn/Assets/btn_instructions.png; sourceTree = "<group>"; };
		097400841A880A130012E465 /* btn_play.png */ = {isa = PBXFileReference; lastKnownFileType = image.png; name = btn_play.png; path = SiMYOn/Assets/btn_play.png; sourceTree = "<group>"; };
		097400851A880A130012E465 /* game.png */ = {isa = PBXFileReference; lastKnownFileType = image.png; name = game.png; path = SiMYOn/Assets/game.png; sourceTree = "<group>"; };
		097400861A880A130012E465 /* instructions.png */ = {isa = PBXFileReference; lastKnownFileType = image.png; name = instructions.png; path = SiMYOn/Assets/instructions.png; sourceTree = "<group>"; };
		097400871A880A130012E465 /* menu.png */ = {isa = PBXFileReference; lastKnownFileType = image.png; name = menu.png; path = SiMYOn/Assets/menu.png; sourceTree = "<group>"; };
		097400961A880B280012E465 /* btn_return.png */ = {isa = PBXFileReference; lastKnownFileType = image.png; name = btn_return.png; path = SiMYOn/Assets/btn_return.png; sourceTree = "<group>"; };
		097400981A88112E0012E465 /* btn_continue.png */ = {isa = PBXFileReference; lastKnownFileType = image.png; name = btn_continue.png; path = SiMYOn/Assets/btn_continue.png; sourceTree = "<group>"; };
		097400991A88112E0012E465 /* btn_pause.png */ = {isa = PBXFileReference; lastKnownFileType = image.png; name = btn_pause.png; path = SiMYOn/Assets/btn_pause.png; sourceTree = "<group>"; };
		097400A61A8826120012E465 /* game_bottom.png */ = {isa = PBXFileReference; lastKnownFileType = image.png; name = game_bottom.png; path = SiMYOn/Assets/game_bottom.png; sourceTree = "<group>"; };
		097400A71A8826120012E465 /* game_left.png */ = {isa = PBXFileReference; lastKnownFileType = image.png; name = game_left.png; path = SiMYOn/Assets/game_left.png; sourceTree = "<group>"; };
		097400A81A8826120012E465 /* game_right.png */ = {isa = PBXFileReference; lastKnownFileType = image.png; name = game_right.png; path = SiMYOn/Assets/game_right.png; sourceTree = "<group>"; };
		097400A91A8826120012E465 /* game_top.png */ = {isa = PBXFileReference; lastKnownFileType = image.png; name = game_top.png; path = SiMYOn/Assets/game_top.png; sourceTree = "<group>"; };
		09A3E0F91A9904280016FC24 /* credits.png */ = {isa = PBXFileReference; lastKnownFileType = image.png; name = credits.png; path = SiMYOn/Assets/credits.png; sourceTree = "<group>"; };
		09A3E0FA1A9904280016FC24 /* gameover.png */ = {isa = PBXFileReference; lastKnownFileType = image.png; name = gameover.png; path = SiMYOn/Assets/gameover.png; sourceTree = "<group>"; };
		09A3E0FC1A9904280016FC24 /* splash.png */ = {isa = PBXFileReference; lastKnownFileType = image.png; name = splash.png; path = SiMYOn/Assets/splash.png; sourceTree = "<group>"; };
		09A3E1011A99045E0016FC24 /* best_scores.png */ = {isa = PBXFileReference; lastKnownFileType = image.png; name = best_scores.png; path = SiMYOn/Assets/best_scores.png; sourceTree = "<group>"; };
		09A3E1031A990F200016FC24 /* GameOverViewController.h */ = {isa = PBXFileReference; fileEncoding = 4; lastKnownFileType = sourcecode.c.h; path = GameOverViewController.h; sourceTree = "<group>"; };
		09A3E1041A990F200016FC24 /* GameOverViewController.m */ = {isa = PBXFileReference; fileEncoding = 4; lastKnownFileType = sourcecode.c.objc; path = GameOverViewController.m; sourceTree = "<group>"; };
		09A3E1051A990F200016FC24 /* GameOverViewController.xib */ = {isa = PBXFileReference; fileEncoding = 4; lastKnownFileType = file.xib; path = GameOverViewController.xib; sourceTree = "<group>"; };
		09A3E1081A9BCA120016FC24 /* SyncViewController.h */ = {isa = PBXFileReference; fileEncoding = 4; lastKnownFileType = sourcecode.c.h; path = SyncViewController.h; sourceTree = "<group>"; };
		09A3E1091A9BCA120016FC24 /* SyncViewController.m */ = {isa = PBXFileReference; fileEncoding = 4; lastKnownFileType = sourcecode.c.objc; path = SyncViewController.m; sourceTree = "<group>"; };
		09A3E10A1A9BCA120016FC24 /* SyncViewController.xib */ = {isa = PBXFileReference; fileEncoding = 4; lastKnownFileType = file.xib; path = SyncViewController.xib; sourceTree = "<group>"; };
		09A3E10D1A9BCB280016FC24 /* game_go.png */ = {isa = PBXFileReference; lastKnownFileType = image.png; name = game_go.png; path = SiMYOn/Assets/game_go.png; sourceTree = "<group>"; };
		09A3E10E1A9BCB280016FC24 /* game_miss.png */ = {isa = PBXFileReference; lastKnownFileType = image.png; name = game_miss.png; path = SiMYOn/Assets/game_miss.png; sourceTree = "<group>"; };
		09A3E1151A9BD1EB0016FC24 /* sync1.png */ = {isa = PBXFileReference; lastKnownFileType = image.png; name = sync1.png; path = SiMYOn/Assets/sync1.png; sourceTree = "<group>"; };
		09A3E1161A9BD1EB0016FC24 /* sync2.png */ = {isa = PBXFileReference; lastKnownFileType = image.png; name = sync2.png; path = SiMYOn/Assets/sync2.png; sourceTree = "<group>"; };
		09A3E1191A9BD2340016FC24 /* btn_sync_myo.png */ = {isa = PBXFileReference; lastKnownFileType = image.png; name = btn_sync_myo.png; path = SiMYOn/Assets/btn_sync_myo.png; sourceTree = "<group>"; };
		09A3E11A1A9BD2340016FC24 /* btn_sync_no_myo.png */ = {isa = PBXFileReference; lastKnownFileType = image.png; name = btn_sync_no_myo.png; path = SiMYOn/Assets/btn_sync_no_myo.png; sourceTree = "<group>"; };
		09A3E11D1A9BE23B0016FC24 /* go.mp3 */ = {isa = PBXFileReference; lastKnownFileType = audio.mp3; name = go.mp3; path = SiMYOn/Assets/go.mp3; sourceTree = "<group>"; };
		09A3E11E1A9BE23B0016FC24 /* miss.mp3 */ = {isa = PBXFileReference; lastKnownFileType = audio.mp3; name = miss.mp3; path = SiMYOn/Assets/miss.mp3; sourceTree = "<group>"; };
		09A3E1211A9BE3BA0016FC24 /* game_ready.png */ = {isa = PBXFileReference; lastKnownFileType = image.png; name = game_ready.png; path = SiMYOn/Assets/game_ready.png; sourceTree = "<group>"; };
		09A3E1231A9BE4FA0016FC24 /* game_good.png */ = {isa = PBXFileReference; lastKnownFileType = image.png; name = game_good.png; path = SiMYOn/Assets/game_good.png; sourceTree = "<group>"; };
		09A3E1251A9BEC380016FC24 /* btn_back_to_menu.png */ = {isa = PBXFileReference; lastKnownFileType = image.png; name = btn_back_to_menu.png; path = SiMYOn/Assets/btn_back_to_menu.png; sourceTree = "<group>"; };
/* End PBXFileReference section */

/* Begin PBXFrameworksBuildPhase section */
		097400101A8630B30012E465 /* Frameworks */ = {
			isa = PBXFrameworksBuildPhase;
			buildActionMask = 2147483647;
			files = (
				096D04BC1A9E8B6E006654C6 /* MyoKit.framework in Frameworks */,
				096D04BB1A9E8B6E006654C6 /* FacebookSDK.framework in Frameworks */,
			);
			runOnlyForDeploymentPostprocessing = 0;
		};
/* End PBXFrameworksBuildPhase section */

/* Begin PBXGroup section */
		0974000A1A8630B30012E465 = {
			isa = PBXGroup;
			children = (
				097400151A8630B30012E465 /* SiMYOn */,
				097400141A8630B30012E465 /* Products */,
			);
			sourceTree = "<group>";
		};
		097400141A8630B30012E465 /* Products */ = {
			isa = PBXGroup;
			children = (
				097400131A8630B30012E465 /* SiMYOn.app */,
			);
			name = Products;
			sourceTree = "<group>";
		};
		097400151A8630B30012E465 /* SiMYOn */ = {
			isa = PBXGroup;
			children = (
				0974001A1A8630B30012E465 /* AppDelegate.h */,
				0974001B1A8630B30012E465 /* AppDelegate.m */,
				097400421A8635A10012E465 /* View */,
				097400231A8630B30012E465 /* Images.xcassets */,
				097400251A8630B30012E465 /* LaunchScreen.xib */,
				0974004A1A864BBE0012E465 /* Assets */,
				097400411A8635990012E465 /* Frameworks */,
				097400161A8630B30012E465 /* Supporting Files */,
			);
			path = SiMYOn;
			sourceTree = "<group>";
		};
		097400161A8630B30012E465 /* Supporting Files */ = {
			isa = PBXGroup;
			children = (
				097400171A8630B30012E465 /* Info.plist */,
				097400181A8630B30012E465 /* main.m */,
			);
			name = "Supporting Files";
			sourceTree = "<group>";
		};
		097400411A8635990012E465 /* Frameworks */ = {
			isa = PBXGroup;
			children = (
				096D04B91A9E8B6E006654C6 /* FacebookSDK.framework */,
				096D04BA1A9E8B6E006654C6 /* MyoKit.framework */,
			);
			name = Frameworks;
			sourceTree = "<group>";
		};
		097400421A8635A10012E465 /* View */ = {
			isa = PBXGroup;
			children = (
				0974003C1A86358D0012E465 /* MainViewController.h */,
				0974003D1A86358D0012E465 /* MainViewController.m */,
				0974003E1A86358D0012E465 /* MainViewController.xib */,
				09A3E1081A9BCA120016FC24 /* SyncViewController.h */,
				09A3E1091A9BCA120016FC24 /* SyncViewController.m */,
				09A3E10A1A9BCA120016FC24 /* SyncViewController.xib */,
				097400431A8635DA0012E465 /* GameViewController.h */,
				097400441A8635DA0012E465 /* GameViewController.m */,
				097400451A8635DA0012E465 /* GameViewController.xib */,
				0974006D1A87EF3E0012E465 /* InstructionsViewController.h */,
				0974006E1A87EF3E0012E465 /* InstructionsViewController.m */,
				0974006F1A87EF3E0012E465 /* InstructionsViewController.xib */,
				097400721A87EFBE0012E465 /* BestScoresViewController.h */,
				097400731A87EFBE0012E465 /* BestScoresViewController.m */,
				097400741A87EFBE0012E465 /* BestScoresViewController.xib */,
				097400771A87EFD20012E465 /* CreditsViewController.h */,
				097400781A87EFD20012E465 /* CreditsViewController.m */,
				097400791A87EFD20012E465 /* CreditsViewController.xib */,
				09A3E1031A990F200016FC24 /* GameOverViewController.h */,
				09A3E1041A990F200016FC24 /* GameOverViewController.m */,
				09A3E1051A990F200016FC24 /* GameOverViewController.xib */,
			);
			name = View;
			sourceTree = "<group>";
		};
		0974004A1A864BBE0012E465 /* Assets */ = {
			isa = PBXGroup;
			children = (
				09A3E0FC1A9904280016FC24 /* splash.png */,
				097400871A880A130012E465 /* menu.png */,
				09A3E1151A9BD1EB0016FC24 /* sync1.png */,
				09A3E1161A9BD1EB0016FC24 /* sync2.png */,
				097400851A880A130012E465 /* game.png */,
				097400861A880A130012E465 /* instructions.png */,
				09A3E1011A99045E0016FC24 /* best_scores.png */,
				09A3E0F91A9904280016FC24 /* credits.png */,
				09A3E0FA1A9904280016FC24 /* gameover.png */,
				097400801A880A130012E465 /* btn_best_scores.png */,
				097400811A880A130012E465 /* btn_credits.png */,
				097400981A88112E0012E465 /* btn_continue.png */,
				097400821A880A130012E465 /* btn_exit.png */,
				097400831A880A130012E465 /* btn_instructions.png */,
				097400991A88112E0012E465 /* btn_pause.png */,
				097400841A880A130012E465 /* btn_play.png */,
				097400961A880B280012E465 /* btn_return.png */,
				09A3E1251A9BEC380016FC24 /* btn_back_to_menu.png */,
				097400A91A8826120012E465 /* game_top.png */,
				097400A71A8826120012E465 /* game_left.png */,
				097400A81A8826120012E465 /* game_right.png */,
				097400A61A8826120012E465 /* game_bottom.png */,
				09A3E1211A9BE3BA0016FC24 /* game_ready.png */,
				09A3E10D1A9BCB280016FC24 /* game_go.png */,
				09A3E1231A9BE4FA0016FC24 /* game_good.png */,
				09A3E10E1A9BCB280016FC24 /* game_miss.png */,
				09A3E1191A9BD2340016FC24 /* btn_sync_myo.png */,
				09A3E11A1A9BD2340016FC24 /* btn_sync_no_myo.png */,
				0974007C1A880A130012E465 /* blip1.mp3 */,
				0974007D1A880A130012E465 /* blip2.mp3 */,
				0974007E1A880A130012E465 /* blip3.mp3 */,
				0974007F1A880A130012E465 /* blip4.mp3 */,
				09A3E11D1A9BE23B0016FC24 /* go.mp3 */,
				09A3E11E1A9BE23B0016FC24 /* miss.mp3 */,
			);
			name = Assets;
			path = ..;
			sourceTree = "<group>";
		};
/* End PBXGroup section */

/* Begin PBXNativeTarget section */
		097400121A8630B30012E465 /* SiMYOn */ = {
			isa = PBXNativeTarget;
			buildConfigurationList = 097400361A8630B30012E465 /* Build configuration list for PBXNativeTarget "SiMYOn" */;
			buildPhases = (
				0974000F1A8630B30012E465 /* Sources */,
				097400101A8630B30012E465 /* Frameworks */,
				097400111A8630B30012E465 /* Resources */,
			);
			buildRules = (
			);
			dependencies = (
			);
			name = SiMYOn;
			productName = SiMYOn;
			productReference = 097400131A8630B30012E465 /* SiMYOn.app */;
			productType = "com.apple.product-type.application";
		};
/* End PBXNativeTarget section */

/* Begin PBXProject section */
		0974000B1A8630B30012E465 /* Project object */ = {
			isa = PBXProject;
			attributes = {
				LastUpgradeCheck = 0610;
				TargetAttributes = {
					097400121A8630B30012E465 = {
						CreatedOnToolsVersion = 6.1.1;
					};
				};
			};
			buildConfigurationList = 0974000E1A8630B30012E465 /* Build configuration list for PBXProject "SiMYOn" */;
			compatibilityVersion = "Xcode 3.2";
			developmentRegion = English;
			hasScannedForEncodings = 0;
			knownRegions = (
				en,
				Base,
			);
			mainGroup = 0974000A1A8630B30012E465;
			productRefGroup = 097400141A8630B30012E465 /* Products */;
			projectDirPath = "";
			projectRoot = "";
			targets = (
				097400121A8630B30012E465 /* SiMYOn */,
			);
		};
/* End PBXProject section */

/* Begin PBXResourcesBuildPhase section */
		097400111A8630B30012E465 /* Resources */ = {
			isa = PBXResourcesBuildPhase;
			buildActionMask = 2147483647;
			files = (
				0974008E1A880A130012E465 /* btn_exit.png in Resources */,
				097400471A8635DA0012E465 /* GameViewController.xib in Resources */,
				097400AA1A8826120012E465 /* game_bottom.png in Resources */,
				09A3E10C1A9BCA120016FC24 /* SyncViewController.xib in Resources */,
				097400971A880B280012E465 /* btn_return.png in Resources */,
				09A3E1001A9904280016FC24 /* splash.png in Resources */,
				09A3E0FD1A9904280016FC24 /* credits.png in Resources */,
				0974008A1A880A130012E465 /* blip3.mp3 in Resources */,
				097400271A8630B30012E465 /* LaunchScreen.xib in Resources */,
				09A3E1221A9BE3BA0016FC24 /* game_ready.png in Resources */,
				09A3E1021A99045E0016FC24 /* best_scores.png in Resources */,
				09A3E1261A9BEC380016FC24 /* btn_back_to_menu.png in Resources */,
				097400921A880A130012E465 /* instructions.png in Resources */,
				0974008D1A880A130012E465 /* btn_credits.png in Resources */,
				097400891A880A130012E465 /* blip2.mp3 in Resources */,
				0974007B1A87EFD20012E465 /* CreditsViewController.xib in Resources */,
				0974009B1A88112E0012E465 /* btn_pause.png in Resources */,
				097400911A880A130012E465 /* game.png in Resources */,
				097400AC1A8826120012E465 /* game_right.png in Resources */,
				097400AB1A8826120012E465 /* game_left.png in Resources */,
				0974008C1A880A130012E465 /* btn_best_scores.png in Resources */,
				0974009A1A88112E0012E465 /* btn_continue.png in Resources */,
				09A3E0FE1A9904280016FC24 /* gameover.png in Resources */,
				097400901A880A130012E465 /* btn_play.png in Resources */,
				097400401A86358D0012E465 /* MainViewController.xib in Resources */,
				09A3E1181A9BD1EB0016FC24 /* sync2.png in Resources */,
				097400931A880A130012E465 /* menu.png in Resources */,
				09A3E1171A9BD1EB0016FC24 /* sync1.png in Resources */,
				09A3E1201A9BE23B0016FC24 /* miss.mp3 in Resources */,
				09A3E11F1A9BE23B0016FC24 /* go.mp3 in Resources */,
				097400761A87EFBE0012E465 /* BestScoresViewController.xib in Resources */,
				0974008B1A880A130012E465 /* blip4.mp3 in Resources */,
				097400711A87EF3E0012E465 /* InstructionsViewController.xib in Resources */,
				097400241A8630B30012E465 /* Images.xcassets in Resources */,
				0974008F1A880A130012E465 /* btn_instructions.png in Resources */,
				09A3E1121A9BCB280016FC24 /* game_miss.png in Resources */,
				097400881A880A130012E465 /* blip1.mp3 in Resources */,
				09A3E1241A9BE4FA0016FC24 /* game_good.png in Resources */,
				097400AD1A8826120012E465 /* game_top.png in Resources */,
				09A3E1111A9BCB280016FC24 /* game_go.png in Resources */,
				09A3E11C1A9BD2340016FC24 /* btn_sync_no_myo.png in Resources */,
				09A3E1071A990F200016FC24 /* GameOverViewController.xib in Resources */,
				09A3E11B1A9BD2340016FC24 /* btn_sync_myo.png in Resources */,
			);
			runOnlyForDeploymentPostprocessing = 0;
		};
/* End PBXResourcesBuildPhase section */

/* Begin PBXSourcesBuildPhase section */
		0974000F1A8630B30012E465 /* Sources */ = {
			isa = PBXSourcesBuildPhase;
			buildActionMask = 2147483647;
			files = (
				09A3E1061A990F200016FC24 /* GameOverViewController.m in Sources */,
				097400461A8635DA0012E465 /* GameViewController.m in Sources */,
				0974001C1A8630B30012E465 /* AppDelegate.m in Sources */,
				09A3E10B1A9BCA120016FC24 /* SyncViewController.m in Sources */,
				0974003F1A86358D0012E465 /* MainViewController.m in Sources */,
				097400751A87EFBE0012E465 /* BestScoresViewController.m in Sources */,
				097400701A87EF3E0012E465 /* InstructionsViewController.m in Sources */,
				0974007A1A87EFD20012E465 /* CreditsViewController.m in Sources */,
				097400191A8630B30012E465 /* main.m in Sources */,
			);
			runOnlyForDeploymentPostprocessing = 0;
		};
/* End PBXSourcesBuildPhase section */

/* Begin PBXVariantGroup section */
		097400251A8630B30012E465 /* LaunchScreen.xib */ = {
			isa = PBXVariantGroup;
			children = (
				097400261A8630B30012E465 /* Base */,
			);
			name = LaunchScreen.xib;
			sourceTree = "<group>";
		};
/* End PBXVariantGroup section */

/* Begin XCBuildConfiguration section */
		097400341A8630B30012E465 /* Debug */ = {
			isa = XCBuildConfiguration;
			buildSettings = {
				ALWAYS_SEARCH_USER_PATHS = NO;
				CLANG_CXX_LANGUAGE_STANDARD = "gnu++0x";
				CLANG_CXX_LIBRARY = "libc++";
				CLANG_ENABLE_MODULES = YES;
				CLANG_ENABLE_OBJC_ARC = YES;
				CLANG_WARN_BOOL_CONVERSION = YES;
				CLANG_WARN_CONSTANT_CONVERSION = YES;
				CLANG_WARN_DIRECT_OBJC_ISA_USAGE = YES_ERROR;
				CLANG_WARN_EMPTY_BODY = YES;
				CLANG_WARN_ENUM_CONVERSION = YES;
				CLANG_WARN_INT_CONVERSION = YES;
				CLANG_WARN_OBJC_ROOT_CLASS = YES_ERROR;
				CLANG_WARN_UNREACHABLE_CODE = YES;
				CLANG_WARN__DUPLICATE_METHOD_MATCH = YES;
				"CODE_SIGN_IDENTITY[sdk=iphoneos*]" = "iPhone Developer";
				COPY_PHASE_STRIP = NO;
				ENABLE_STRICT_OBJC_MSGSEND = YES;
				GCC_C_LANGUAGE_STANDARD = gnu99;
				GCC_DYNAMIC_NO_PIC = NO;
				GCC_OPTIMIZATION_LEVEL = 0;
				GCC_PREPROCESSOR_DEFINITIONS = (
					"DEBUG=1",
					"$(inherited)",
				);
				GCC_SYMBOLS_PRIVATE_EXTERN = NO;
				GCC_WARN_64_TO_32_BIT_CONVERSION = YES;
				GCC_WARN_ABOUT_RETURN_TYPE = YES_ERROR;
				GCC_WARN_UNDECLARED_SELECTOR = YES;
				GCC_WARN_UNINITIALIZED_AUTOS = YES_AGGRESSIVE;
				GCC_WARN_UNUSED_FUNCTION = YES;
				GCC_WARN_UNUSED_VARIABLE = YES;
				IPHONEOS_DEPLOYMENT_TARGET = 8.1;
				MTL_ENABLE_DEBUG_INFO = YES;
				ONLY_ACTIVE_ARCH = YES;
				SDKROOT = iphoneos;
			};
			name = Debug;
		};
		097400351A8630B30012E465 /* Release */ = {
			isa = XCBuildConfiguration;
			buildSettings = {
				ALWAYS_SEARCH_USER_PATHS = NO;
				CLANG_CXX_LANGUAGE_STANDARD = "gnu++0x";
				CLANG_CXX_LIBRARY = "libc++";
				CLANG_ENABLE_MODULES = YES;
				CLANG_ENABLE_OBJC_ARC = YES;
				CLANG_WARN_BOOL_CONVERSION = YES;
				CLANG_WARN_CONSTANT_CONVERSION = YES;
				CLANG_WARN_DIRECT_OBJC_ISA_USAGE = YES_ERROR;
				CLANG_WARN_EMPTY_BODY = YES;
				CLANG_WARN_ENUM_CONVERSION = YES;
				CLANG_WARN_INT_CONVERSION = YES;
				CLANG_WARN_OBJC_ROOT_CLASS = YES_ERROR;
				CLANG_WARN_UNREACHABLE_CODE = YES;
				CLANG_WARN__DUPLICATE_METHOD_MATCH = YES;
				"CODE_SIGN_IDENTITY[sdk=iphoneos*]" = "iPhone Developer";
				COPY_PHASE_STRIP = YES;
				ENABLE_NS_ASSERTIONS = NO;
				ENABLE_STRICT_OBJC_MSGSEND = YES;
				GCC_C_LANGUAGE_STANDARD = gnu99;
				GCC_WARN_64_TO_32_BIT_CONVERSION = YES;
				GCC_WARN_ABOUT_RETURN_TYPE = YES_ERROR;
				GCC_WARN_UNDECLARED_SELECTOR = YES;
				GCC_WARN_UNINITIALIZED_AUTOS = YES_AGGRESSIVE;
				GCC_WARN_UNUSED_FUNCTION = YES;
				GCC_WARN_UNUSED_VARIABLE = YES;
				IPHONEOS_DEPLOYMENT_TARGET = 8.1;
				MTL_ENABLE_DEBUG_INFO = NO;
				SDKROOT = iphoneos;
				VALIDATE_PRODUCT = YES;
			};
			name = Release;
		};
		097400371A8630B30012E465 /* Debug */ = {
			isa = XCBuildConfiguration;
			buildSettings = {
				ASSETCATALOG_COMPILER_APPICON_NAME = AppIcon;
				FRAMEWORK_SEARCH_PATHS = (
					SiMYOn,
					"$(PROJECT_DIR)/SiMYOn/Frameworks",
				);
				INFOPLIST_FILE = SiMYOn/Info.plist;
				IPHONEOS_DEPLOYMENT_TARGET = 8.1;
				LD_RUNPATH_SEARCH_PATHS = "$(inherited) @executable_path/Frameworks";
				PRODUCT_NAME = "$(TARGET_NAME)";
			};
			name = Debug;
		};
		097400381A8630B30012E465 /* Release */ = {
			isa = XCBuildConfiguration;
			buildSettings = {
				ASSETCATALOG_COMPILER_APPICON_NAME = AppIcon;
				FRAMEWORK_SEARCH_PATHS = (
					SiMYOn,
					"$(PROJECT_DIR)/SiMYOn/Frameworks",
				);
				INFOPLIST_FILE = SiMYOn/Info.plist;
				IPHONEOS_DEPLOYMENT_TARGET = 8.1;
				LD_RUNPATH_SEARCH_PATHS = "$(inherited) @executable_path/Frameworks";
				PRODUCT_NAME = "$(TARGET_NAME)";
			};
			name = Release;
		};
/* End XCBuildConfiguration section */

/* Begin XCConfigurationList section */
		0974000E1A8630B30012E465 /* Build configuration list for PBXProject "SiMYOn" */ = {
			isa = XCConfigurationList;
			buildConfigurations = (
				097400341A8630B30012E465 /* Debug */,
				097400351A8630B30012E465 /* Release */,
			);
			defaultConfigurationIsVisible = 0;
			defaultConfigurationName = Release;
		};
		097400361A8630B30012E465 /* Build configuration list for PBXNativeTarget "SiMYOn" */ = {
			isa = XCConfigurationList;
			buildConfigurations = (
				097400371A8630B30012E465 /* Debug */,
				097400381A8630B30012E465 /* Release */,
			);
			defaultConfigurationIsVisible = 0;
			defaultConfigurationName = Release;
		};
/* End XCConfigurationList section */
	};
	rootObject = 0974000B1A8630B30012E465 /* Project object */;
}
