// !$*UTF8*$!
{
	archiveVersion = 1;
	classes = {
	};
	objectVersion = 46;
	objects = {

/* Begin PBXAggregateTarget section */
		0984984A1ADABDB20049BEB1 /* OCLint */ = {
			isa = PBXAggregateTarget;
			buildConfigurationList = 0984984D1ADABDB20049BEB1 /* Build configuration list for PBXAggregateTarget "OCLint" */;
			buildPhases = (
				0984984E1ADABE780049BEB1 /* ShellScript */,
			);
			dependencies = (
			);
			name = OCLint;
			productName = OCLint;
		};
/* End PBXAggregateTarget section */

/* Begin PBXBuildFile section */
		093DD13A1ADC8EA4000BC344 /* MBProgressHUD.m in Sources */ = {isa = PBXBuildFile; fileRef = 093DD1391ADC8EA4000BC344 /* MBProgressHUD.m */; };
		09483E201AD3ED5900FFBF6F /* bracelet.png in Resources */ = {isa = PBXBuildFile; fileRef = 09483E1F1AD3ED5900FFBF6F /* bracelet.png */; };
		095060D31B30E6A400911A4D /* MainViewController_iPad.xib in Resources */ = {isa = PBXBuildFile; fileRef = 095060D21B30E6A400911A4D /* MainViewController_iPad.xib */; };
		095060D51B30E6B500911A4D /* SyncViewController_iPad.xib in Resources */ = {isa = PBXBuildFile; fileRef = 095060D41B30E6B500911A4D /* SyncViewController_iPad.xib */; };
		095060D71B30E6C700911A4D /* GameViewController_iPad.xib in Resources */ = {isa = PBXBuildFile; fileRef = 095060D61B30E6C700911A4D /* GameViewController_iPad.xib */; };
		095060D91B30E6DA00911A4D /* GameOverViewController_iPad.xib in Resources */ = {isa = PBXBuildFile; fileRef = 095060D81B30E6DA00911A4D /* GameOverViewController_iPad.xib */; };
		095060E01B30EFF000911A4D /* BestScoresViewController_iPad.xib in Resources */ = {isa = PBXBuildFile; fileRef = 095060DF1B30EFF000911A4D /* BestScoresViewController_iPad.xib */; };
		09549D471AA3FCFF002C228C /* CoreBluetooth.framework in Frameworks */ = {isa = PBXBuildFile; fileRef = 09549D461AA3FCFF002C228C /* CoreBluetooth.framework */; };
		096D04BB1A9E8B6E006654C6 /* FacebookSDK.framework in Frameworks */ = {isa = PBXBuildFile; fileRef = 096D04B91A9E8B6E006654C6 /* FacebookSDK.framework */; };
		096D04BC1A9E8B6E006654C6 /* MyoKit.framework in Frameworks */ = {isa = PBXBuildFile; fileRef = 096D04BA1A9E8B6E006654C6 /* MyoKit.framework */; };
		097400241A8630B30012E465 /* Images.xcassets in Resources */ = {isa = PBXBuildFile; fileRef = 097400231A8630B30012E465 /* Images.xcassets */; };
		097400271A8630B30012E465 /* LaunchScreen.xib in Resources */ = {isa = PBXBuildFile; fileRef = 097400251A8630B30012E465 /* LaunchScreen.xib */; };
		097400881A880A130012E465 /* blip1.mp3 in Resources */ = {isa = PBXBuildFile; fileRef = 0974007C1A880A130012E465 /* blip1.mp3 */; };
		097400891A880A130012E465 /* blip2.mp3 in Resources */ = {isa = PBXBuildFile; fileRef = 0974007D1A880A130012E465 /* blip2.mp3 */; };
		0974008A1A880A130012E465 /* blip3.mp3 in Resources */ = {isa = PBXBuildFile; fileRef = 0974007E1A880A130012E465 /* blip3.mp3 */; };
		0974008B1A880A130012E465 /* blip4.mp3 in Resources */ = {isa = PBXBuildFile; fileRef = 0974007F1A880A130012E465 /* blip4.mp3 */; };
		0974008C1A880A130012E465 /* btn_best_scores.png in Resources */ = {isa = PBXBuildFile; fileRef = 097400801A880A130012E465 /* btn_best_scores.png */; };
		0974008D1A880A130012E465 /* btn_credits.png in Resources */ = {isa = PBXBuildFile; fileRef = 097400811A880A130012E465 /* btn_credits.png */; };
		0974008F1A880A130012E465 /* btn_instructions.png in Resources */ = {isa = PBXBuildFile; fileRef = 097400831A880A130012E465 /* btn_instructions.png */; };
		097400901A880A130012E465 /* btn_play.png in Resources */ = {isa = PBXBuildFile; fileRef = 097400841A880A130012E465 /* btn_play.png */; };
		097400911A880A130012E465 /* game.png in Resources */ = {isa = PBXBuildFile; fileRef = 097400851A880A130012E465 /* game.png */; };
		097400921A880A130012E465 /* instructions.png in Resources */ = {isa = PBXBuildFile; fileRef = 097400861A880A130012E465 /* instructions.png */; };
		097400931A880A130012E465 /* menu.png in Resources */ = {isa = PBXBuildFile; fileRef = 097400871A880A130012E465 /* menu.png */; };
		097400971A880B280012E465 /* btn_return.png in Resources */ = {isa = PBXBuildFile; fileRef = 097400961A880B280012E465 /* btn_return.png */; };
		097400AA1A8826120012E465 /* game_bottom.png in Resources */ = {isa = PBXBuildFile; fileRef = 097400A61A8826120012E465 /* game_bottom.png */; };
		097400AB1A8826120012E465 /* game_left.png in Resources */ = {isa = PBXBuildFile; fileRef = 097400A71A8826120012E465 /* game_left.png */; };
		097400AC1A8826120012E465 /* game_right.png in Resources */ = {isa = PBXBuildFile; fileRef = 097400A81A8826120012E465 /* game_right.png */; };
		097400AD1A8826120012E465 /* game_top.png in Resources */ = {isa = PBXBuildFile; fileRef = 097400A91A8826120012E465 /* game_top.png */; };
		09A3E0FD1A9904280016FC24 /* credits.png in Resources */ = {isa = PBXBuildFile; fileRef = 09A3E0F91A9904280016FC24 /* credits.png */; };
		09A3E0FE1A9904280016FC24 /* gameover.png in Resources */ = {isa = PBXBuildFile; fileRef = 09A3E0FA1A9904280016FC24 /* gameover.png */; };
		09A3E1001A9904280016FC24 /* splash.png in Resources */ = {isa = PBXBuildFile; fileRef = 09A3E0FC1A9904280016FC24 /* splash.png */; };
		09A3E1021A99045E0016FC24 /* best_scores.png in Resources */ = {isa = PBXBuildFile; fileRef = 09A3E1011A99045E0016FC24 /* best_scores.png */; };
		09A3E1111A9BCB280016FC24 /* game_go.png in Resources */ = {isa = PBXBuildFile; fileRef = 09A3E10D1A9BCB280016FC24 /* game_go.png */; };
		09A3E1121A9BCB280016FC24 /* game_miss.png in Resources */ = {isa = PBXBuildFile; fileRef = 09A3E10E1A9BCB280016FC24 /* game_miss.png */; };
		09A3E1171A9BD1EB0016FC24 /* sync1.png in Resources */ = {isa = PBXBuildFile; fileRef = 09A3E1151A9BD1EB0016FC24 /* sync1.png */; };
		09A3E1181A9BD1EB0016FC24 /* sync2.png in Resources */ = {isa = PBXBuildFile; fileRef = 09A3E1161A9BD1EB0016FC24 /* sync2.png */; };
		09A3E11B1A9BD2340016FC24 /* btn_sync_myo.png in Resources */ = {isa = PBXBuildFile; fileRef = 09A3E1191A9BD2340016FC24 /* btn_sync_myo.png */; };
		09A3E11C1A9BD2340016FC24 /* btn_sync_no_myo.png in Resources */ = {isa = PBXBuildFile; fileRef = 09A3E11A1A9BD2340016FC24 /* btn_sync_no_myo.png */; };
		09A3E11F1A9BE23B0016FC24 /* go.mp3 in Resources */ = {isa = PBXBuildFile; fileRef = 09A3E11D1A9BE23B0016FC24 /* go.mp3 */; };
		09A3E1201A9BE23B0016FC24 /* miss.mp3 in Resources */ = {isa = PBXBuildFile; fileRef = 09A3E11E1A9BE23B0016FC24 /* miss.mp3 */; };
		09A3E1221A9BE3BA0016FC24 /* game_ready.png in Resources */ = {isa = PBXBuildFile; fileRef = 09A3E1211A9BE3BA0016FC24 /* game_ready.png */; };
		09A3E1241A9BE4FA0016FC24 /* game_good.png in Resources */ = {isa = PBXBuildFile; fileRef = 09A3E1231A9BE4FA0016FC24 /* game_good.png */; };
		09A3E1261A9BEC380016FC24 /* btn_back_to_menu.png in Resources */ = {isa = PBXBuildFile; fileRef = 09A3E1251A9BEC380016FC24 /* btn_back_to_menu.png */; };
		09AC60531AF6E76D00963EB6 /* AppDelegate.m in Sources */ = {isa = PBXBuildFile; fileRef = 09AC60261AF6E76D00963EB6 /* AppDelegate.m */; };
		09AC60541AF6E76D00963EB6 /* BestScoresViewController_6.xib in Resources */ = {isa = PBXBuildFile; fileRef = 09AC60271AF6E76D00963EB6 /* BestScoresViewController_6.xib */; };
		09AC60551AF6E76D00963EB6 /* BestScoresViewController_6Plus.xib in Resources */ = {isa = PBXBuildFile; fileRef = 09AC60281AF6E76D00963EB6 /* BestScoresViewController_6Plus.xib */; };
		09AC60561AF6E76D00963EB6 /* BestScoresViewController.m in Sources */ = {isa = PBXBuildFile; fileRef = 09AC602A1AF6E76D00963EB6 /* BestScoresViewController.m */; };
		09AC60571AF6E76D00963EB6 /* BestScoresViewController.xib in Resources */ = {isa = PBXBuildFile; fileRef = 09AC602B1AF6E76D00963EB6 /* BestScoresViewController.xib */; };
		09AC60581AF6E76D00963EB6 /* CreditsViewController.m in Sources */ = {isa = PBXBuildFile; fileRef = 09AC602E1AF6E76D00963EB6 /* CreditsViewController.m */; };
		09AC60591AF6E76D00963EB6 /* CreditsViewController.xib in Resources */ = {isa = PBXBuildFile; fileRef = 09AC602F1AF6E76D00963EB6 /* CreditsViewController.xib */; };
		09AC605A1AF6E76D00963EB6 /* Facebook.m in Sources */ = {isa = PBXBuildFile; fileRef = 09AC60311AF6E76D00963EB6 /* Facebook.m */; };
		09AC605B1AF6E76D00963EB6 /* GameOverViewController_6.xib in Resources */ = {isa = PBXBuildFile; fileRef = 09AC60321AF6E76D00963EB6 /* GameOverViewController_6.xib */; };
		09AC605C1AF6E76D00963EB6 /* GameOverViewController_6Plus.xib in Resources */ = {isa = PBXBuildFile; fileRef = 09AC60331AF6E76D00963EB6 /* GameOverViewController_6Plus.xib */; };
		09AC605D1AF6E76D00963EB6 /* GameOverViewController.m in Sources */ = {isa = PBXBuildFile; fileRef = 09AC60351AF6E76D00963EB6 /* GameOverViewController.m */; };
		09AC605E1AF6E76D00963EB6 /* GameOverViewController.xib in Resources */ = {isa = PBXBuildFile; fileRef = 09AC60361AF6E76D00963EB6 /* GameOverViewController.xib */; };
		09AC605F1AF6E76D00963EB6 /* GameViewController_6.xib in Resources */ = {isa = PBXBuildFile; fileRef = 09AC60371AF6E76D00963EB6 /* GameViewController_6.xib */; };
		09AC60601AF6E76D00963EB6 /* GameViewController_6Plus.xib in Resources */ = {isa = PBXBuildFile; fileRef = 09AC60381AF6E76D00963EB6 /* GameViewController_6Plus.xib */; };
		09AC60611AF6E76D00963EB6 /* GameViewController.m in Sources */ = {isa = PBXBuildFile; fileRef = 09AC603A1AF6E76D00963EB6 /* GameViewController.m */; };
		09AC60621AF6E76D00963EB6 /* GameViewController.xib in Resources */ = {isa = PBXBuildFile; fileRef = 09AC603B1AF6E76D00963EB6 /* GameViewController.xib */; };
		09AC60631AF6E76D00963EB6 /* InstructionsViewController.m in Sources */ = {isa = PBXBuildFile; fileRef = 09AC603D1AF6E76D00963EB6 /* InstructionsViewController.m */; };
		09AC60641AF6E76D00963EB6 /* InstructionsViewController.xib in Resources */ = {isa = PBXBuildFile; fileRef = 09AC603E1AF6E76D00963EB6 /* InstructionsViewController.xib */; };
		09AC60651AF6E76D00963EB6 /* main.m in Sources */ = {isa = PBXBuildFile; fileRef = 09AC603F1AF6E76D00963EB6 /* main.m */; };
		09AC60661AF6E76D00963EB6 /* MainViewController_6.xib in Resources */ = {isa = PBXBuildFile; fileRef = 09AC60401AF6E76D00963EB6 /* MainViewController_6.xib */; };
		09AC60671AF6E76D00963EB6 /* MainViewController_6Plus.xib in Resources */ = {isa = PBXBuildFile; fileRef = 09AC60411AF6E76D00963EB6 /* MainViewController_6Plus.xib */; };
		09AC60681AF6E76D00963EB6 /* MainViewController.m in Sources */ = {isa = PBXBuildFile; fileRef = 09AC60431AF6E76D00963EB6 /* MainViewController.m */; };
		09AC60691AF6E76D00963EB6 /* MainViewController.xib in Resources */ = {isa = PBXBuildFile; fileRef = 09AC60441AF6E76D00963EB6 /* MainViewController.xib */; };
		09AC606A1AF6E76D00963EB6 /* Myo.m in Sources */ = {isa = PBXBuildFile; fileRef = 09AC60461AF6E76D00963EB6 /* Myo.m */; };
		09AC606B1AF6E76D00963EB6 /* NotSupportedViewController.m in Sources */ = {isa = PBXBuildFile; fileRef = 09AC60481AF6E76D00963EB6 /* NotSupportedViewController.m */; };
		09AC606C1AF6E76D00963EB6 /* NotSupportedViewController.xib in Resources */ = {isa = PBXBuildFile; fileRef = 09AC60491AF6E76D00963EB6 /* NotSupportedViewController.xib */; };
		09AC606D1AF6E76D00963EB6 /* Player.m in Sources */ = {isa = PBXBuildFile; fileRef = 09AC604B1AF6E76D00963EB6 /* Player.m */; };
		09AC606E1AF6E76D00963EB6 /* Ranking.m in Sources */ = {isa = PBXBuildFile; fileRef = 09AC604D1AF6E76D00963EB6 /* Ranking.m */; };
		09AC606F1AF6E76D00963EB6 /* SyncViewController.m in Sources */ = {isa = PBXBuildFile; fileRef = 09AC604F1AF6E76D00963EB6 /* SyncViewController.m */; };
		09AC60701AF6E76D00963EB6 /* SyncViewController.xib in Resources */ = {isa = PBXBuildFile; fileRef = 09AC60501AF6E76D00963EB6 /* SyncViewController.xib */; };
		09AC60711AF6E76D00963EB6 /* Util.m in Sources */ = {isa = PBXBuildFile; fileRef = 09AC60521AF6E76D00963EB6 /* Util.m */; };
		09BE555C1B38B3C900B4DFAF /* gameover_ipad.png in Resources */ = {isa = PBXBuildFile; fileRef = 09BE555B1B38B3C900B4DFAF /* gameover_ipad.png */; };
		09BE555E1B38B4F200B4DFAF /* back_to_menu.png in Resources */ = {isa = PBXBuildFile; fileRef = 09BE555D1B38B4F200B4DFAF /* back_to_menu.png */; };
		09C29CC81AA7D901005E4E4F /* best_scores_no_connection.png in Resources */ = {isa = PBXBuildFile; fileRef = 09C29CC71AA7D901005E4E4F /* best_scores_no_connection.png */; };
		09C29CCB1AA7F9D4005E4E4F /* btn_login.png in Resources */ = {isa = PBXBuildFile; fileRef = 09C29CC91AA7F9D4005E4E4F /* btn_login.png */; };
		09C29CCC1AA7F9D4005E4E4F /* btn_logout.png in Resources */ = {isa = PBXBuildFile; fileRef = 09C29CCA1AA7F9D4005E4E4F /* btn_logout.png */; };
		09C29CCE1AA7FA05005E4E4F /* player.png in Resources */ = {isa = PBXBuildFile; fileRef = 09C29CCD1AA7FA05005E4E4F /* player.png */; };
		09C29CD01AA8F996005E4E4F /* no_internet_connection.png in Resources */ = {isa = PBXBuildFile; fileRef = 09C29CCF1AA8F996005E4E4F /* no_internet_connection.png */; };
		09C444651AC87C22003F0CF9 /* background.png in Resources */ = {isa = PBXBuildFile; fileRef = 09C444641AC87C22003F0CF9 /* background.png */; };
		09CE76CE1AAA91DD00244ABF /* best_scores_loading.png in Resources */ = {isa = PBXBuildFile; fileRef = 09CE76CD1AAA91DD00244ABF /* best_scores_loading.png */; };
		09CE76D51AAAA31500244ABF /* btn_sound_off.png in Resources */ = {isa = PBXBuildFile; fileRef = 09CE76D31AAAA31500244ABF /* btn_sound_off.png */; };
		09CE76D61AAAA31500244ABF /* btn_sound_on.png in Resources */ = {isa = PBXBuildFile; fileRef = 09CE76D41AAAA31500244ABF /* btn_sound_on.png */; };
		09CE76E01AAB8C4900244ABF /* lost_sync.png in Resources */ = {isa = PBXBuildFile; fileRef = 09CE76DB1AAB8C4900244ABF /* lost_sync.png */; };
		09E547781A9E92AC00985223 /* AudioToolbox.framework in Frameworks */ = {isa = PBXBuildFile; fileRef = 09E547771A9E92AC00985223 /* AudioToolbox.framework */; };
		09E5477A1A9E92BB00985223 /* CFNetwork.framework in Frameworks */ = {isa = PBXBuildFile; fileRef = 09E547791A9E92BB00985223 /* CFNetwork.framework */; };
		09E5477C1A9E92C200985223 /* CoreGraphics.framework in Frameworks */ = {isa = PBXBuildFile; fileRef = 09E5477B1A9E92C200985223 /* CoreGraphics.framework */; };
		09E5477E1A9E92CA00985223 /* CoreLocation.framework in Frameworks */ = {isa = PBXBuildFile; fileRef = 09E5477D1A9E92CA00985223 /* CoreLocation.framework */; };
		09E547801A9E92D300985223 /* MobileCoreServices.framework in Frameworks */ = {isa = PBXBuildFile; fileRef = 09E5477F1A9E92D300985223 /* MobileCoreServices.framework */; };
		09E547821A9E92DB00985223 /* QuartzCore.framework in Frameworks */ = {isa = PBXBuildFile; fileRef = 09E547811A9E92DB00985223 /* QuartzCore.framework */; };
		09E547841A9E92E100985223 /* Security.framework in Frameworks */ = {isa = PBXBuildFile; fileRef = 09E547831A9E92E100985223 /* Security.framework */; };
		09E547881A9E92F000985223 /* SystemConfiguration.framework in Frameworks */ = {isa = PBXBuildFile; fileRef = 09E547871A9E92F000985223 /* SystemConfiguration.framework */; };
		09E5478A1A9E92F900985223 /* libz.dylib in Frameworks */ = {isa = PBXBuildFile; fileRef = 09E547891A9E92F900985223 /* libz.dylib */; };
		09E5478C1A9E930200985223 /* libsqlite3.dylib in Frameworks */ = {isa = PBXBuildFile; fileRef = 09E5478B1A9E930200985223 /* libsqlite3.dylib */; };
		09E5478E1A9E940500985223 /* Parse.framework in Frameworks */ = {isa = PBXBuildFile; fileRef = 09E5478D1A9E940500985223 /* Parse.framework */; };
		09E547931AA3DE0600985223 /* font.ttf in Resources */ = {isa = PBXBuildFile; fileRef = 09E547921AA3D9A000985223 /* font.ttf */; };
/* End PBXBuildFile section */

/* Begin PBXFileReference section */
		093DD1381ADC8EA4000BC344 /* MBProgressHUD.h */ = {isa = PBXFileReference; fileEncoding = 4; lastKnownFileType = sourcecode.c.h; name = MBProgressHUD.h; path = SiMYOn/Libs/MBProgressHUD.h; sourceTree = "<group>"; };
		093DD1391ADC8EA4000BC344 /* MBProgressHUD.m */ = {isa = PBXFileReference; fileEncoding = 4; lastKnownFileType = sourcecode.c.objc; name = MBProgressHUD.m; path = SiMYOn/Libs/MBProgressHUD.m; sourceTree = "<group>"; };
		09483E1F1AD3ED5900FFBF6F /* bracelet.png */ = {isa = PBXFileReference; lastKnownFileType = image.png; name = bracelet.png; path = SiMYOn/Assets/bracelet.png; sourceTree = "<group>"; };
		095060D21B30E6A400911A4D /* MainViewController_iPad.xib */ = {isa = PBXFileReference; fileEncoding = 4; lastKnownFileType = file.xib; name = MainViewController_iPad.xib; path = Code/MainViewController_iPad.xib; sourceTree = "<group>"; };
		095060D41B30E6B500911A4D /* SyncViewController_iPad.xib */ = {isa = PBXFileReference; fileEncoding = 4; lastKnownFileType = file.xib; name = SyncViewController_iPad.xib; path = Code/SyncViewController_iPad.xib; sourceTree = "<group>"; };
		095060D61B30E6C700911A4D /* GameViewController_iPad.xib */ = {isa = PBXFileReference; fileEncoding = 4; lastKnownFileType = file.xib; name = GameViewController_iPad.xib; path = Code/GameViewController_iPad.xib; sourceTree = "<group>"; };
		095060D81B30E6DA00911A4D /* GameOverViewController_iPad.xib */ = {isa = PBXFileReference; fileEncoding = 4; lastKnownFileType = file.xib; name = GameOverViewController_iPad.xib; path = Code/GameOverViewController_iPad.xib; sourceTree = "<group>"; };
		095060DF1B30EFF000911A4D /* BestScoresViewController_iPad.xib */ = {isa = PBXFileReference; fileEncoding = 4; lastKnownFileType = file.xib; name = BestScoresViewController_iPad.xib; path = Code/BestScoresViewController_iPad.xib; sourceTree = "<group>"; };
		09549D461AA3FCFF002C228C /* CoreBluetooth.framework */ = {isa = PBXFileReference; lastKnownFileType = wrapper.framework; name = CoreBluetooth.framework; path = System/Library/Frameworks/CoreBluetooth.framework; sourceTree = SDKROOT; };
		096D04B91A9E8B6E006654C6 /* FacebookSDK.framework */ = {isa = PBXFileReference; lastKnownFileType = wrapper.framework; name = FacebookSDK.framework; path = Frameworks/FacebookSDK.framework; sourceTree = "<group>"; };
		096D04BA1A9E8B6E006654C6 /* MyoKit.framework */ = {isa = PBXFileReference; lastKnownFileType = wrapper.framework; name = MyoKit.framework; path = Frameworks/MyoKit.framework; sourceTree = "<group>"; };
		097400131A8630B30012E465 /* SiMYOn.app */ = {isa = PBXFileReference; explicitFileType = wrapper.application; includeInIndex = 0; path = SiMYOn.app; sourceTree = BUILT_PRODUCTS_DIR; };
		097400171A8630B30012E465 /* Info.plist */ = {isa = PBXFileReference; lastKnownFileType = text.plist.xml; path = Info.plist; sourceTree = "<group>"; };
		097400231A8630B30012E465 /* Images.xcassets */ = {isa = PBXFileReference; lastKnownFileType = folder.assetcatalog; name = Images.xcassets; path = SiMYOn/Images.xcassets; sourceTree = "<group>"; };
		097400261A8630B30012E465 /* Base */ = {isa = PBXFileReference; lastKnownFileType = file.xib; name = Base; path = Base.lproj/LaunchScreen.xib; sourceTree = "<group>"; };
		0974007C1A880A130012E465 /* blip1.mp3 */ = {isa = PBXFileReference; lastKnownFileType = audio.mp3; name = blip1.mp3; path = SiMYOn/Assets/blip1.mp3; sourceTree = "<group>"; };
		0974007D1A880A130012E465 /* blip2.mp3 */ = {isa = PBXFileReference; lastKnownFileType = audio.mp3; name = blip2.mp3; path = SiMYOn/Assets/blip2.mp3; sourceTree = "<group>"; };
		0974007E1A880A130012E465 /* blip3.mp3 */ = {isa = PBXFileReference; lastKnownFileType = audio.mp3; name = blip3.mp3; path = SiMYOn/Assets/blip3.mp3; sourceTree = "<group>"; };
		0974007F1A880A130012E465 /* blip4.mp3 */ = {isa = PBXFileReference; lastKnownFileType = audio.mp3; name = blip4.mp3; path = SiMYOn/Assets/blip4.mp3; sourceTree = "<group>"; };
		097400801A880A130012E465 /* btn_best_scores.png */ = {isa = PBXFileReference; lastKnownFileType = image.png; name = btn_best_scores.png; path = SiMYOn/Assets/btn_best_scores.png; sourceTree = "<group>"; };
		097400811A880A130012E465 /* btn_credits.png */ = {isa = PBXFileReference; lastKnownFileType = image.png; name = btn_credits.png; path = SiMYOn/Assets/btn_credits.png; sourceTree = "<group>"; };
		097400831A880A130012E465 /* btn_instructions.png */ = {isa = PBXFileReference; lastKnownFileType = image.png; name = btn_instructions.png; path = SiMYOn/Assets/btn_instructions.png; sourceTree = "<group>"; };
		097400841A880A130012E465 /* btn_play.png */ = {isa = PBXFileReference; lastKnownFileType = image.png; name = btn_play.png; path = SiMYOn/Assets/btn_play.png; sourceTree = "<group>"; };
		097400851A880A130012E465 /* game.png */ = {isa = PBXFileReference; lastKnownFileType = image.png; name = game.png; path = SiMYOn/Assets/game.png; sourceTree = "<group>"; };
		097400861A880A130012E465 /* instructions.png */ = {isa = PBXFileReference; lastKnownFileType = image.png; name = instructions.png; path = SiMYOn/Assets/instructions.png; sourceTree = "<group>"; };
		097400871A880A130012E465 /* menu.png */ = {isa = PBXFileReference; lastKnownFileType = image.png; name = menu.png; path = SiMYOn/Assets/menu.png; sourceTree = "<group>"; };
		097400961A880B280012E465 /* btn_return.png */ = {isa = PBXFileReference; lastKnownFileType = image.png; name = btn_return.png; path = SiMYOn/Assets/btn_return.png; sourceTree = "<group>"; };
		097400A61A8826120012E465 /* game_bottom.png */ = {isa = PBXFileReference; lastKnownFileType = image.png; name = game_bottom.png; path = SiMYOn/Assets/game_bottom.png; sourceTree = "<group>"; };
		097400A71A8826120012E465 /* game_left.png */ = {isa = PBXFileReference; lastKnownFileType = image.png; name = game_left.png; path = SiMYOn/Assets/game_left.png; sourceTree = "<group>"; };
		097400A81A8826120012E465 /* game_right.png */ = {isa = PBXFileReference; lastKnownFileType = image.png; name = game_right.png; path = SiMYOn/Assets/game_right.png; sourceTree = "<group>"; };
		097400A91A8826120012E465 /* game_top.png */ = {isa = PBXFileReference; lastKnownFileType = image.png; name = game_top.png; path = SiMYOn/Assets/game_top.png; sourceTree = "<group>"; };
		09A3E0F91A9904280016FC24 /* credits.png */ = {isa = PBXFileReference; lastKnownFileType = image.png; name = credits.png; path = SiMYOn/Assets/credits.png; sourceTree = "<group>"; };
		09A3E0FA1A9904280016FC24 /* gameover.png */ = {isa = PBXFileReference; lastKnownFileType = image.png; name = gameover.png; path = SiMYOn/Assets/gameover.png; sourceTree = "<group>"; };
		09A3E0FC1A9904280016FC24 /* splash.png */ = {isa = PBXFileReference; lastKnownFileType = image.png; name = splash.png; path = SiMYOn/Assets/splash.png; sourceTree = "<group>"; };
		09A3E1011A99045E0016FC24 /* best_scores.png */ = {isa = PBXFileReference; lastKnownFileType = image.png; name = best_scores.png; path = SiMYOn/Assets/best_scores.png; sourceTree = "<group>"; };
		09A3E10D1A9BCB280016FC24 /* game_go.png */ = {isa = PBXFileReference; lastKnownFileType = image.png; name = game_go.png; path = SiMYOn/Assets/game_go.png; sourceTree = "<group>"; };
		09A3E10E1A9BCB280016FC24 /* game_miss.png */ = {isa = PBXFileReference; lastKnownFileType = image.png; name = game_miss.png; path = SiMYOn/Assets/game_miss.png; sourceTree = "<group>"; };
		09A3E1151A9BD1EB0016FC24 /* sync1.png */ = {isa = PBXFileReference; lastKnownFileType = image.png; name = sync1.png; path = SiMYOn/Assets/sync1.png; sourceTree = "<group>"; };
		09A3E1161A9BD1EB0016FC24 /* sync2.png */ = {isa = PBXFileReference; lastKnownFileType = image.png; name = sync2.png; path = SiMYOn/Assets/sync2.png; sourceTree = "<group>"; };
		09A3E1191A9BD2340016FC24 /* btn_sync_myo.png */ = {isa = PBXFileReference; lastKnownFileType = image.png; name = btn_sync_myo.png; path = SiMYOn/Assets/btn_sync_myo.png; sourceTree = "<group>"; };
		09A3E11A1A9BD2340016FC24 /* btn_sync_no_myo.png */ = {isa = PBXFileReference; lastKnownFileType = image.png; name = btn_sync_no_myo.png; path = SiMYOn/Assets/btn_sync_no_myo.png; sourceTree = "<group>"; };
		09A3E11D1A9BE23B0016FC24 /* go.mp3 */ = {isa = PBXFileReference; lastKnownFileType = audio.mp3; name = go.mp3; path = SiMYOn/Assets/go.mp3; sourceTree = "<group>"; };
		09A3E11E1A9BE23B0016FC24 /* miss.mp3 */ = {isa = PBXFileReference; lastKnownFileType = audio.mp3; name = miss.mp3; path = SiMYOn/Assets/miss.mp3; sourceTree = "<group>"; };
		09A3E1211A9BE3BA0016FC24 /* game_ready.png */ = {isa = PBXFileReference; lastKnownFileType = image.png; name = game_ready.png; path = SiMYOn/Assets/game_ready.png; sourceTree = "<group>"; };
		09A3E1231A9BE4FA0016FC24 /* game_good.png */ = {isa = PBXFileReference; lastKnownFileType = image.png; name = game_good.png; path = SiMYOn/Assets/game_good.png; sourceTree = "<group>"; };
		09A3E1251A9BEC380016FC24 /* btn_back_to_menu.png */ = {isa = PBXFileReference; lastKnownFileType = image.png; name = btn_back_to_menu.png; path = SiMYOn/Assets/btn_back_to_menu.png; sourceTree = "<group>"; };
		09AC60251AF6E75A00963EB6 /* AppDelegate.h */ = {isa = PBXFileReference; lastKnownFileType = sourcecode.c.h; name = AppDelegate.h; path = Code/AppDelegate.h; sourceTree = "<group>"; };
		09AC60261AF6E76D00963EB6 /* AppDelegate.m */ = {isa = PBXFileReference; fileEncoding = 4; lastKnownFileType = sourcecode.c.objc; name = AppDelegate.m; path = Code/AppDelegate.m; sourceTree = "<group>"; };
		09AC60271AF6E76D00963EB6 /* BestScoresViewController_6.xib */ = {isa = PBXFileReference; fileEncoding = 4; lastKnownFileType = file.xib; name = BestScoresViewController_6.xib; path = Code/BestScoresViewController_6.xib; sourceTree = "<group>"; };
		09AC60281AF6E76D00963EB6 /* BestScoresViewController_6Plus.xib */ = {isa = PBXFileReference; fileEncoding = 4; lastKnownFileType = file.xib; name = BestScoresViewController_6Plus.xib; path = Code/BestScoresViewController_6Plus.xib; sourceTree = "<group>"; };
		09AC60291AF6E76D00963EB6 /* BestScoresViewController.h */ = {isa = PBXFileReference; fileEncoding = 4; lastKnownFileType = sourcecode.c.h; name = BestScoresViewController.h; path = Code/BestScoresViewController.h; sourceTree = "<group>"; };
		09AC602A1AF6E76D00963EB6 /* BestScoresViewController.m */ = {isa = PBXFileReference; fileEncoding = 4; lastKnownFileType = sourcecode.c.objc; name = BestScoresViewController.m; path = Code/BestScoresViewController.m; sourceTree = "<group>"; };
		09AC602B1AF6E76D00963EB6 /* BestScoresViewController.xib */ = {isa = PBXFileReference; fileEncoding = 4; lastKnownFileType = file.xib; name = BestScoresViewController.xib; path = Code/BestScoresViewController.xib; sourceTree = "<group>"; };
		09AC602C1AF6E76D00963EB6 /* Constants.h */ = {isa = PBXFileReference; fileEncoding = 4; lastKnownFileType = sourcecode.c.h; name = Constants.h; path = Code/Constants.h; sourceTree = "<group>"; };
		09AC602D1AF6E76D00963EB6 /* CreditsViewController.h */ = {isa = PBXFileReference; fileEncoding = 4; lastKnownFileType = sourcecode.c.h; name = CreditsViewController.h; path = Code/CreditsViewController.h; sourceTree = "<group>"; };
		09AC602E1AF6E76D00963EB6 /* CreditsViewController.m */ = {isa = PBXFileReference; fileEncoding = 4; lastKnownFileType = sourcecode.c.objc; name = CreditsViewController.m; path = Code/CreditsViewController.m; sourceTree = "<group>"; };
		09AC602F1AF6E76D00963EB6 /* CreditsViewController.xib */ = {isa = PBXFileReference; fileEncoding = 4; lastKnownFileType = file.xib; name = CreditsViewController.xib; path = Code/CreditsViewController.xib; sourceTree = "<group>"; };
		09AC60301AF6E76D00963EB6 /* Facebook.h */ = {isa = PBXFileReference; fileEncoding = 4; lastKnownFileType = sourcecode.c.h; name = Facebook.h; path = Code/Facebook.h; sourceTree = "<group>"; };
		09AC60311AF6E76D00963EB6 /* Facebook.m */ = {isa = PBXFileReference; fileEncoding = 4; lastKnownFileType = sourcecode.c.objc; name = Facebook.m; path = Code/Facebook.m; sourceTree = "<group>"; };
		09AC60321AF6E76D00963EB6 /* GameOverViewController_6.xib */ = {isa = PBXFileReference; fileEncoding = 4; lastKnownFileType = file.xib; name = GameOverViewController_6.xib; path = Code/GameOverViewController_6.xib; sourceTree = "<group>"; };
		09AC60331AF6E76D00963EB6 /* GameOverViewController_6Plus.xib */ = {isa = PBXFileReference; fileEncoding = 4; lastKnownFileType = file.xib; name = GameOverViewController_6Plus.xib; path = Code/GameOverViewController_6Plus.xib; sourceTree = "<group>"; };
		09AC60341AF6E76D00963EB6 /* GameOverViewController.h */ = {isa = PBXFileReference; fileEncoding = 4; lastKnownFileType = sourcecode.c.h; name = GameOverViewController.h; path = Code/GameOverViewController.h; sourceTree = "<group>"; };
		09AC60351AF6E76D00963EB6 /* GameOverViewController.m */ = {isa = PBXFileReference; fileEncoding = 4; lastKnownFileType = sourcecode.c.objc; name = GameOverViewController.m; path = Code/GameOverViewController.m; sourceTree = "<group>"; };
		09AC60361AF6E76D00963EB6 /* GameOverViewController.xib */ = {isa = PBXFileReference; fileEncoding = 4; lastKnownFileType = file.xib; name = GameOverViewController.xib; path = Code/GameOverViewController.xib; sourceTree = "<group>"; };
		09AC60371AF6E76D00963EB6 /* GameViewController_6.xib */ = {isa = PBXFileReference; fileEncoding = 4; lastKnownFileType = file.xib; name = GameViewController_6.xib; path = Code/GameViewController_6.xib; sourceTree = "<group>"; };
		09AC60381AF6E76D00963EB6 /* GameViewController_6Plus.xib */ = {isa = PBXFileReference; fileEncoding = 4; lastKnownFileType = file.xib; name = GameViewController_6Plus.xib; path = Code/GameViewController_6Plus.xib; sourceTree = "<group>"; };
		09AC60391AF6E76D00963EB6 /* GameViewController.h */ = {isa = PBXFileReference; fileEncoding = 4; lastKnownFileType = sourcecode.c.h; name = GameViewController.h; path = Code/GameViewController.h; sourceTree = "<group>"; };
		09AC603A1AF6E76D00963EB6 /* GameViewController.m */ = {isa = PBXFileReference; fileEncoding = 4; lastKnownFileType = sourcecode.c.objc; name = GameViewController.m; path = Code/GameViewController.m; sourceTree = "<group>"; };
		09AC603B1AF6E76D00963EB6 /* GameViewController.xib */ = {isa = PBXFileReference; fileEncoding = 4; lastKnownFileType = file.xib; name = GameViewController.xib; path = Code/GameViewController.xib; sourceTree = "<group>"; };
		09AC603C1AF6E76D00963EB6 /* InstructionsViewController.h */ = {isa = PBXFileReference; fileEncoding = 4; lastKnownFileType = sourcecode.c.h; name = InstructionsViewController.h; path = Code/InstructionsViewController.h; sourceTree = "<group>"; };
		09AC603D1AF6E76D00963EB6 /* InstructionsViewController.m */ = {isa = PBXFileReference; fileEncoding = 4; lastKnownFileType = sourcecode.c.objc; name = InstructionsViewController.m; path = Code/InstructionsViewController.m; sourceTree = "<group>"; };
		09AC603E1AF6E76D00963EB6 /* InstructionsViewController.xib */ = {isa = PBXFileReference; fileEncoding = 4; lastKnownFileType = file.xib; name = InstructionsViewController.xib; path = Code/InstructionsViewController.xib; sourceTree = "<group>"; };
		09AC603F1AF6E76D00963EB6 /* main.m */ = {isa = PBXFileReference; fileEncoding = 4; lastKnownFileType = sourcecode.c.objc; name = main.m; path = Code/main.m; sourceTree = "<group>"; };
		09AC60401AF6E76D00963EB6 /* MainViewController_6.xib */ = {isa = PBXFileReference; fileEncoding = 4; lastKnownFileType = file.xib; name = MainViewController_6.xib; path = Code/MainViewController_6.xib; sourceTree = "<group>"; };
		09AC60411AF6E76D00963EB6 /* MainViewController_6Plus.xib */ = {isa = PBXFileReference; fileEncoding = 4; lastKnownFileType = file.xib; name = MainViewController_6Plus.xib; path = Code/MainViewController_6Plus.xib; sourceTree = "<group>"; };
		09AC60421AF6E76D00963EB6 /* MainViewController.h */ = {isa = PBXFileReference; fileEncoding = 4; lastKnownFileType = sourcecode.c.h; name = MainViewController.h; path = Code/MainViewController.h; sourceTree = "<group>"; };
		09AC60431AF6E76D00963EB6 /* MainViewController.m */ = {isa = PBXFileReference; fileEncoding = 4; lastKnownFileType = sourcecode.c.objc; name = MainViewController.m; path = Code/MainViewController.m; sourceTree = "<group>"; };
		09AC60441AF6E76D00963EB6 /* MainViewController.xib */ = {isa = PBXFileReference; fileEncoding = 4; lastKnownFileType = file.xib; name = MainViewController.xib; path = Code/MainViewController.xib; sourceTree = "<group>"; };
		09AC60451AF6E76D00963EB6 /* Myo.h */ = {isa = PBXFileReference; fileEncoding = 4; lastKnownFileType = sourcecode.c.h; name = Myo.h; path = Code/Myo.h; sourceTree = "<group>"; };
		09AC60461AF6E76D00963EB6 /* Myo.m */ = {isa = PBXFileReference; fileEncoding = 4; lastKnownFileType = sourcecode.c.objc; name = Myo.m; path = Code/Myo.m; sourceTree = "<group>"; };
		09AC60471AF6E76D00963EB6 /* NotSupportedViewController.h */ = {isa = PBXFileReference; fileEncoding = 4; lastKnownFileType = sourcecode.c.h; name = NotSupportedViewController.h; path = Code/NotSupportedViewController.h; sourceTree = "<group>"; };
		09AC60481AF6E76D00963EB6 /* NotSupportedViewController.m */ = {isa = PBXFileReference; fileEncoding = 4; lastKnownFileType = sourcecode.c.objc; name = NotSupportedViewController.m; path = Code/NotSupportedViewController.m; sourceTree = "<group>"; };
		09AC60491AF6E76D00963EB6 /* NotSupportedViewController.xib */ = {isa = PBXFileReference; fileEncoding = 4; lastKnownFileType = file.xib; name = NotSupportedViewController.xib; path = Code/NotSupportedViewController.xib; sourceTree = "<group>"; };
		09AC604A1AF6E76D00963EB6 /* Player.h */ = {isa = PBXFileReference; fileEncoding = 4; lastKnownFileType = sourcecode.c.h; name = Player.h; path = Code/Player.h; sourceTree = "<group>"; };
		09AC604B1AF6E76D00963EB6 /* Player.m */ = {isa = PBXFileReference; fileEncoding = 4; lastKnownFileType = sourcecode.c.objc; name = Player.m; path = Code/Player.m; sourceTree = "<group>"; };
		09AC604C1AF6E76D00963EB6 /* Ranking.h */ = {isa = PBXFileReference; fileEncoding = 4; lastKnownFileType = sourcecode.c.h; name = Ranking.h; path = Code/Ranking.h; sourceTree = "<group>"; };
		09AC604D1AF6E76D00963EB6 /* Ranking.m */ = {isa = PBXFileReference; fileEncoding = 4; lastKnownFileType = sourcecode.c.objc; name = Ranking.m; path = Code/Ranking.m; sourceTree = "<group>"; };
		09AC604E1AF6E76D00963EB6 /* SyncViewController.h */ = {isa = PBXFileReference; fileEncoding = 4; lastKnownFileType = sourcecode.c.h; name = SyncViewController.h; path = Code/SyncViewController.h; sourceTree = "<group>"; };
		09AC604F1AF6E76D00963EB6 /* SyncViewController.m */ = {isa = PBXFileReference; fileEncoding = 4; lastKnownFileType = sourcecode.c.objc; name = SyncViewController.m; path = Code/SyncViewController.m; sourceTree = "<group>"; };
		09AC60501AF6E76D00963EB6 /* SyncViewController.xib */ = {isa = PBXFileReference; fileEncoding = 4; lastKnownFileType = file.xib; name = SyncViewController.xib; path = Code/SyncViewController.xib; sourceTree = "<group>"; };
		09AC60511AF6E76D00963EB6 /* Util.h */ = {isa = PBXFileReference; fileEncoding = 4; lastKnownFileType = sourcecode.c.h; name = Util.h; path = Code/Util.h; sourceTree = "<group>"; };
		09AC60521AF6E76D00963EB6 /* Util.m */ = {isa = PBXFileReference; fileEncoding = 4; lastKnownFileType = sourcecode.c.objc; name = Util.m; path = Code/Util.m; sourceTree = "<group>"; };
		09BE555B1B38B3C900B4DFAF /* gameover_ipad.png */ = {isa = PBXFileReference; lastKnownFileType = image.png; path = gameover_ipad.png; sourceTree = "<group>"; };
		09BE555D1B38B4F200B4DFAF /* back_to_menu.png */ = {isa = PBXFileReference; lastKnownFileType = image.png; path = back_to_menu.png; sourceTree = "<group>"; };
		09C29CC71AA7D901005E4E4F /* best_scores_no_connection.png */ = {isa = PBXFileReference; lastKnownFileType = image.png; name = best_scores_no_connection.png; path = SiMYOn/Assets/best_scores_no_connection.png; sourceTree = "<group>"; };
		09C29CC91AA7F9D4005E4E4F /* btn_login.png */ = {isa = PBXFileReference; lastKnownFileType = image.png; name = btn_login.png; path = SiMYOn/Assets/btn_login.png; sourceTree = "<group>"; };
		09C29CCA1AA7F9D4005E4E4F /* btn_logout.png */ = {isa = PBXFileReference; lastKnownFileType = image.png; name = btn_logout.png; path = SiMYOn/Assets/btn_logout.png; sourceTree = "<group>"; };
		09C29CCD1AA7FA05005E4E4F /* player.png */ = {isa = PBXFileReference; lastKnownFileType = image.png; name = player.png; path = SiMYOn/Assets/player.png; sourceTree = "<group>"; };
		09C29CCF1AA8F996005E4E4F /* no_internet_connection.png */ = {isa = PBXFileReference; lastKnownFileType = image.png; name = no_internet_connection.png; path = SiMYOn/Assets/no_internet_connection.png; sourceTree = "<group>"; };
		09C444641AC87C22003F0CF9 /* background.png */ = {isa = PBXFileReference; lastKnownFileType = image.png; name = background.png; path = SiMYOn/Assets/background.png; sourceTree = "<group>"; };
		09CE76CD1AAA91DD00244ABF /* best_scores_loading.png */ = {isa = PBXFileReference; lastKnownFileType = image.png; name = best_scores_loading.png; path = SiMYOn/Assets/best_scores_loading.png; sourceTree = "<group>"; };
		09CE76D31AAAA31500244ABF /* btn_sound_off.png */ = {isa = PBXFileReference; lastKnownFileType = image.png; name = btn_sound_off.png; path = SiMYOn/Assets/btn_sound_off.png; sourceTree = "<group>"; };
		09CE76D41AAAA31500244ABF /* btn_sound_on.png */ = {isa = PBXFileReference; lastKnownFileType = image.png; name = btn_sound_on.png; path = SiMYOn/Assets/btn_sound_on.png; sourceTree = "<group>"; };
		09CE76DB1AAB8C4900244ABF /* lost_sync.png */ = {isa = PBXFileReference; lastKnownFileType = image.png; name = lost_sync.png; path = SiMYOn/Assets/lost_sync.png; sourceTree = "<group>"; };
		09E547771A9E92AC00985223 /* AudioToolbox.framework */ = {isa = PBXFileReference; lastKnownFileType = wrapper.framework; name = AudioToolbox.framework; path = System/Library/Frameworks/AudioToolbox.framework; sourceTree = SDKROOT; };
		09E547791A9E92BB00985223 /* CFNetwork.framework */ = {isa = PBXFileReference; lastKnownFileType = wrapper.framework; name = CFNetwork.framework; path = System/Library/Frameworks/CFNetwork.framework; sourceTree = SDKROOT; };
		09E5477B1A9E92C200985223 /* CoreGraphics.framework */ = {isa = PBXFileReference; lastKnownFileType = wrapper.framework; name = CoreGraphics.framework; path = System/Library/Frameworks/CoreGraphics.framework; sourceTree = SDKROOT; };
		09E5477D1A9E92CA00985223 /* CoreLocation.framework */ = {isa = PBXFileReference; lastKnownFileType = wrapper.framework; name = CoreLocation.framework; path = System/Library/Frameworks/CoreLocation.framework; sourceTree = SDKROOT; };
		09E5477F1A9E92D300985223 /* MobileCoreServices.framework */ = {isa = PBXFileReference; lastKnownFileType = wrapper.framework; name = MobileCoreServices.framework; path = System/Library/Frameworks/MobileCoreServices.framework; sourceTree = SDKROOT; };
		09E547811A9E92DB00985223 /* QuartzCore.framework */ = {isa = PBXFileReference; lastKnownFileType = wrapper.framework; name = QuartzCore.framework; path = System/Library/Frameworks/QuartzCore.framework; sourceTree = SDKROOT; };
		09E547831A9E92E100985223 /* Security.framework */ = {isa = PBXFileReference; lastKnownFileType = wrapper.framework; name = Security.framework; path = System/Library/Frameworks/Security.framework; sourceTree = SDKROOT; };
		09E547871A9E92F000985223 /* SystemConfiguration.framework */ = {isa = PBXFileReference; lastKnownFileType = wrapper.framework; name = SystemConfiguration.framework; path = System/Library/Frameworks/SystemConfiguration.framework; sourceTree = SDKROOT; };
		09E547891A9E92F900985223 /* libz.dylib */ = {isa = PBXFileReference; lastKnownFileType = "compiled.mach-o.dylib"; name = libz.dylib; path = usr/lib/libz.dylib; sourceTree = SDKROOT; };
		09E5478B1A9E930200985223 /* libsqlite3.dylib */ = {isa = PBXFileReference; lastKnownFileType = "compiled.mach-o.dylib"; name = libsqlite3.dylib; path = usr/lib/libsqlite3.dylib; sourceTree = SDKROOT; };
		09E5478D1A9E940500985223 /* Parse.framework */ = {isa = PBXFileReference; lastKnownFileType = wrapper.framework; name = Parse.framework; path = Frameworks/Parse.framework; sourceTree = "<group>"; };
		09E547921AA3D9A000985223 /* font.ttf */ = {isa = PBXFileReference; lastKnownFileType = file; name = font.ttf; path = SiMYOn/Assets/font.ttf; sourceTree = "<group>"; };
/* End PBXFileReference section */

/* Begin PBXFrameworksBuildPhase section */
		097400101A8630B30012E465 /* Frameworks */ = {
			isa = PBXFrameworksBuildPhase;
			buildActionMask = 2147483647;
			files = (
				09E547881A9E92F000985223 /* SystemConfiguration.framework in Frameworks */,
				09549D471AA3FCFF002C228C /* CoreBluetooth.framework in Frameworks */,
				09E5478C1A9E930200985223 /* libsqlite3.dylib in Frameworks */,
				09E5478A1A9E92F900985223 /* libz.dylib in Frameworks */,
				09E547841A9E92E100985223 /* Security.framework in Frameworks */,
				09E547821A9E92DB00985223 /* QuartzCore.framework in Frameworks */,
				09E547801A9E92D300985223 /* MobileCoreServices.framework in Frameworks */,
				09E5477E1A9E92CA00985223 /* CoreLocation.framework in Frameworks */,
				09E5477C1A9E92C200985223 /* CoreGraphics.framework in Frameworks */,
				09E5477A1A9E92BB00985223 /* CFNetwork.framework in Frameworks */,
				09E5478E1A9E940500985223 /* Parse.framework in Frameworks */,
				09E547781A9E92AC00985223 /* AudioToolbox.framework in Frameworks */,
				096D04BC1A9E8B6E006654C6 /* MyoKit.framework in Frameworks */,
				096D04BB1A9E8B6E006654C6 /* FacebookSDK.framework in Frameworks */,
			);
			runOnlyForDeploymentPostprocessing = 0;
		};
/* End PBXFrameworksBuildPhase section */

/* Begin PBXGroup section */
		090994191AC82CAC0068EFA2 /* Menu */ = {
			isa = PBXGroup;
			children = (
				09AC60421AF6E76D00963EB6 /* MainViewController.h */,
				09AC60431AF6E76D00963EB6 /* MainViewController.m */,
				09AC60441AF6E76D00963EB6 /* MainViewController.xib */,
				09AC60401AF6E76D00963EB6 /* MainViewController_6.xib */,
				09AC60411AF6E76D00963EB6 /* MainViewController_6Plus.xib */,
				095060D21B30E6A400911A4D /* MainViewController_iPad.xib */,
			);
			name = Menu;
			sourceTree = "<group>";
		};
		0909941A1AC82CB20068EFA2 /* LaunchScreen */ = {
			isa = PBXGroup;
			children = (
				097400251A8630B30012E465 /* LaunchScreen.xib */,
			);
			name = LaunchScreen;
			sourceTree = "<group>";
		};
		0909941B1AC82CBA0068EFA2 /* Game */ = {
			isa = PBXGroup;
			children = (
				097FE4ED1AC83F710094A538 /* Sync */,
				097FE4EE1AC83F780094A538 /* GamePlay */,
				097FE4EF1AC83F800094A538 /* GameOver */,
			);
			name = Game;
			sourceTree = "<group>";
		};
		0909941C1AC82CC10068EFA2 /* Instructions */ = {
			isa = PBXGroup;
			children = (
				09AC603C1AF6E76D00963EB6 /* InstructionsViewController.h */,
				09AC603D1AF6E76D00963EB6 /* InstructionsViewController.m */,
				09AC603E1AF6E76D00963EB6 /* InstructionsViewController.xib */,
			);
			name = Instructions;
			sourceTree = "<group>";
		};
		0909941D1AC82CC90068EFA2 /* Credits */ = {
			isa = PBXGroup;
			children = (
				09AC602D1AF6E76D00963EB6 /* CreditsViewController.h */,
				09AC602E1AF6E76D00963EB6 /* CreditsViewController.m */,
				09AC602F1AF6E76D00963EB6 /* CreditsViewController.xib */,
			);
			name = Credits;
			sourceTree = "<group>";
		};
		0909941E1AC82CD30068EFA2 /* BestScores */ = {
			isa = PBXGroup;
			children = (
				09AC60291AF6E76D00963EB6 /* BestScoresViewController.h */,
				09AC602A1AF6E76D00963EB6 /* BestScoresViewController.m */,
				09AC602B1AF6E76D00963EB6 /* BestScoresViewController.xib */,
				09AC60271AF6E76D00963EB6 /* BestScoresViewController_6.xib */,
				09AC60281AF6E76D00963EB6 /* BestScoresViewController_6Plus.xib */,
				095060DF1B30EFF000911A4D /* BestScoresViewController_iPad.xib */,
			);
			name = BestScores;
			sourceTree = "<group>";
		};
		093DD1371ADC8E96000BC344 /* Libs */ = {
			isa = PBXGroup;
			children = (
				093DD1381ADC8EA4000BC344 /* MBProgressHUD.h */,
				093DD1391ADC8EA4000BC344 /* MBProgressHUD.m */,
			);
			name = Libs;
			path = ..;
			sourceTree = "<group>";
		};
		094487531AE33A9A00573F8E /* Controller */ = {
			isa = PBXGroup;
			children = (
				09AC60301AF6E76D00963EB6 /* Facebook.h */,
				09AC60311AF6E76D00963EB6 /* Facebook.m */,
				09AC60451AF6E76D00963EB6 /* Myo.h */,
				09AC60461AF6E76D00963EB6 /* Myo.m */,
				09AC604C1AF6E76D00963EB6 /* Ranking.h */,
				09AC604D1AF6E76D00963EB6 /* Ranking.m */,
			);
			name = Controller;
			sourceTree = "<group>";
		};
		0974000A1A8630B30012E465 = {
			isa = PBXGroup;
			children = (
				097400151A8630B30012E465 /* SiMYOn */,
				097400141A8630B30012E465 /* Products */,
			);
			sourceTree = "<group>";
		};
		097400141A8630B30012E465 /* Products */ = {
			isa = PBXGroup;
			children = (
				097400131A8630B30012E465 /* SiMYOn.app */,
			);
			name = Products;
			sourceTree = "<group>";
		};
		097400151A8630B30012E465 /* SiMYOn */ = {
			isa = PBXGroup;
			children = (
				09AC60251AF6E75A00963EB6 /* AppDelegate.h */,
				09AC60261AF6E76D00963EB6 /* AppDelegate.m */,
				097400421A8635A10012E465 /* View */,
				09CE76E21AAC8C4E00244ABF /* Model */,
				094487531AE33A9A00573F8E /* Controller */,
				09CE76CF1AAA922A00244ABF /* Util */,
				0974004A1A864BBE0012E465 /* Assets */,
				093DD1371ADC8E96000BC344 /* Libs */,
				097400411A8635990012E465 /* Frameworks */,
				097400161A8630B30012E465 /* Supporting Files */,
			);
			path = SiMYOn;
			sourceTree = "<group>";
		};
		097400161A8630B30012E465 /* Supporting Files */ = {
			isa = PBXGroup;
			children = (
				097400171A8630B30012E465 /* Info.plist */,
				09AC603F1AF6E76D00963EB6 /* main.m */,
			);
			name = "Supporting Files";
			sourceTree = "<group>";
		};
		097400411A8635990012E465 /* Frameworks */ = {
			isa = PBXGroup;
			children = (
				09549D461AA3FCFF002C228C /* CoreBluetooth.framework */,
				09E5478D1A9E940500985223 /* Parse.framework */,
				09E5478B1A9E930200985223 /* libsqlite3.dylib */,
				09E547891A9E92F900985223 /* libz.dylib */,
				09E547871A9E92F000985223 /* SystemConfiguration.framework */,
				09E547831A9E92E100985223 /* Security.framework */,
				09E547811A9E92DB00985223 /* QuartzCore.framework */,
				09E5477F1A9E92D300985223 /* MobileCoreServices.framework */,
				09E5477D1A9E92CA00985223 /* CoreLocation.framework */,
				09E5477B1A9E92C200985223 /* CoreGraphics.framework */,
				09E547791A9E92BB00985223 /* CFNetwork.framework */,
				09E547771A9E92AC00985223 /* AudioToolbox.framework */,
				096D04B91A9E8B6E006654C6 /* FacebookSDK.framework */,
				096D04BA1A9E8B6E006654C6 /* MyoKit.framework */,
			);
			name = Frameworks;
			sourceTree = "<group>";
		};
		097400421A8635A10012E465 /* View */ = {
			isa = PBXGroup;
			children = (
				0909941A1AC82CB20068EFA2 /* LaunchScreen */,
				090994191AC82CAC0068EFA2 /* Menu */,
				0909941B1AC82CBA0068EFA2 /* Game */,
				0909941C1AC82CC10068EFA2 /* Instructions */,
				0909941E1AC82CD30068EFA2 /* BestScores */,
				0909941D1AC82CC90068EFA2 /* Credits */,
				097FE4DB1AC838930094A538 /* NotSupported */,
			);
			name = View;
			sourceTree = "<group>";
		};
		0974004A1A864BBE0012E465 /* Assets */ = {
			isa = PBXGroup;
			children = (
				097400231A8630B30012E465 /* Images.xcassets */,
				09C29CC11AA7CEDD005E4E4F /* views */,
				09C29CD11AA8F9A7005E4E4F /* popups */,
				09C29CC61AA7CF60005E4E4F /* labels */,
				09C29CC51AA7CF2B005E4E4F /* buttons */,
				09C29CC21AA7CEF8005E4E4F /* sounds */,
				09C29CC41AA7CF21005E4E4F /* fonts */,
			);
			name = Assets;
			path = ..;
			sourceTree = "<group>";
		};
		097FE4DB1AC838930094A538 /* NotSupported */ = {
			isa = PBXGroup;
			children = (
				09AC60471AF6E76D00963EB6 /* NotSupportedViewController.h */,
				09AC60481AF6E76D00963EB6 /* NotSupportedViewController.m */,
				09AC60491AF6E76D00963EB6 /* NotSupportedViewController.xib */,
			);
			name = NotSupported;
			sourceTree = "<group>";
		};
		097FE4ED1AC83F710094A538 /* Sync */ = {
			isa = PBXGroup;
			children = (
				09AC604E1AF6E76D00963EB6 /* SyncViewController.h */,
				09AC604F1AF6E76D00963EB6 /* SyncViewController.m */,
				09AC60501AF6E76D00963EB6 /* SyncViewController.xib */,
				095060D41B30E6B500911A4D /* SyncViewController_iPad.xib */,
			);
			name = Sync;
			sourceTree = "<group>";
		};
		097FE4EE1AC83F780094A538 /* GamePlay */ = {
			isa = PBXGroup;
			children = (
				09AC60391AF6E76D00963EB6 /* GameViewController.h */,
				09AC603A1AF6E76D00963EB6 /* GameViewController.m */,
				09AC603B1AF6E76D00963EB6 /* GameViewController.xib */,
				09AC60371AF6E76D00963EB6 /* GameViewController_6.xib */,
				09AC60381AF6E76D00963EB6 /* GameViewController_6Plus.xib */,
				095060D61B30E6C700911A4D /* GameViewController_iPad.xib */,
			);
			name = GamePlay;
			sourceTree = "<group>";
		};
		097FE4EF1AC83F800094A538 /* GameOver */ = {
			isa = PBXGroup;
			children = (
				09AC60341AF6E76D00963EB6 /* GameOverViewController.h */,
				09AC60351AF6E76D00963EB6 /* GameOverViewController.m */,
				09AC60361AF6E76D00963EB6 /* GameOverViewController.xib */,
				09AC60321AF6E76D00963EB6 /* GameOverViewController_6.xib */,
				09AC60331AF6E76D00963EB6 /* GameOverViewController_6Plus.xib */,
				095060D81B30E6DA00911A4D /* GameOverViewController_iPad.xib */,
			);
			name = GameOver;
			sourceTree = "<group>";
		};
		09C29CC11AA7CEDD005E4E4F /* views */ = {
			isa = PBXGroup;
			children = (
				09C444641AC87C22003F0CF9 /* background.png */,
				09A3E0FC1A9904280016FC24 /* splash.png */,
				097400871A880A130012E465 /* menu.png */,
				09A3E1151A9BD1EB0016FC24 /* sync1.png */,
				09A3E1161A9BD1EB0016FC24 /* sync2.png */,
				097400851A880A130012E465 /* game.png */,
				097400A91A8826120012E465 /* game_top.png */,
				097400A71A8826120012E465 /* game_left.png */,
				097400A81A8826120012E465 /* game_right.png */,
				097400A61A8826120012E465 /* game_bottom.png */,
				097400861A880A130012E465 /* instructions.png */,
				09A3E1011A99045E0016FC24 /* best_scores.png */,
				09CE76CD1AAA91DD00244ABF /* best_scores_loading.png */,
				09C29CC71AA7D901005E4E4F /* best_scores_no_connection.png */,
				09A3E0F91A9904280016FC24 /* credits.png */,
				09A3E0FA1A9904280016FC24 /* gameover.png */,
				09BE555B1B38B3C900B4DFAF /* gameover_ipad.png */,
			);
			name = views;
			sourceTree = "<group>";
		};
		09C29CC21AA7CEF8005E4E4F /* sounds */ = {
			isa = PBXGroup;
			children = (
				0974007C1A880A130012E465 /* blip1.mp3 */,
				0974007D1A880A130012E465 /* blip2.mp3 */,
				0974007E1A880A130012E465 /* blip3.mp3 */,
				0974007F1A880A130012E465 /* blip4.mp3 */,
				09A3E11D1A9BE23B0016FC24 /* go.mp3 */,
				09A3E11E1A9BE23B0016FC24 /* miss.mp3 */,
			);
			name = sounds;
			sourceTree = "<group>";
		};
		09C29CC41AA7CF21005E4E4F /* fonts */ = {
			isa = PBXGroup;
			children = (
				09E547921AA3D9A000985223 /* font.ttf */,
			);
			name = fonts;
			sourceTree = "<group>";
		};
		09C29CC51AA7CF2B005E4E4F /* buttons */ = {
			isa = PBXGroup;
			children = (
				09CE76D41AAAA31500244ABF /* btn_sound_on.png */,
				09CE76D31AAAA31500244ABF /* btn_sound_off.png */,
				09A3E1191A9BD2340016FC24 /* btn_sync_myo.png */,
				09A3E11A1A9BD2340016FC24 /* btn_sync_no_myo.png */,
				097400801A880A130012E465 /* btn_best_scores.png */,
				097400811A880A130012E465 /* btn_credits.png */,
				097400831A880A130012E465 /* btn_instructions.png */,
				097400841A880A130012E465 /* btn_play.png */,
				097400961A880B280012E465 /* btn_return.png */,
				09A3E1251A9BEC380016FC24 /* btn_back_to_menu.png */,
				09C29CC91AA7F9D4005E4E4F /* btn_login.png */,
				09C29CCA1AA7F9D4005E4E4F /* btn_logout.png */,
			);
			name = buttons;
			sourceTree = "<group>";
		};
		09C29CC61AA7CF60005E4E4F /* labels */ = {
			isa = PBXGroup;
			children = (
				09483E1F1AD3ED5900FFBF6F /* bracelet.png */,
				09A3E1211A9BE3BA0016FC24 /* game_ready.png */,
				09A3E10D1A9BCB280016FC24 /* game_go.png */,
				09A3E1231A9BE4FA0016FC24 /* game_good.png */,
				09A3E10E1A9BCB280016FC24 /* game_miss.png */,
				09C29CCD1AA7FA05005E4E4F /* player.png */,
			);
			name = labels;
			sourceTree = "<group>";
		};
		09C29CD11AA8F9A7005E4E4F /* popups */ = {
			isa = PBXGroup;
			children = (
				09CE76DB1AAB8C4900244ABF /* lost_sync.png */,
				09C29CCF1AA8F996005E4E4F /* no_internet_connection.png */,
				09BE555D1B38B4F200B4DFAF /* back_to_menu.png */,
			);
			name = popups;
			sourceTree = "<group>";
		};
		09CE76CF1AAA922A00244ABF /* Util */ = {
			isa = PBXGroup;
			children = (
				09AC602C1AF6E76D00963EB6 /* Constants.h */,
				09AC60511AF6E76D00963EB6 /* Util.h */,
				09AC60521AF6E76D00963EB6 /* Util.m */,
			);
			name = Util;
			sourceTree = "<group>";
		};
		09CE76E21AAC8C4E00244ABF /* Model */ = {
			isa = PBXGroup;
			children = (
				09AC604A1AF6E76D00963EB6 /* Player.h */,
				09AC604B1AF6E76D00963EB6 /* Player.m */,
			);
			name = Model;
			sourceTree = "<group>";
		};
/* End PBXGroup section */

/* Begin PBXNativeTarget section */
		097400121A8630B30012E465 /* SiMYOn */ = {
			isa = PBXNativeTarget;
			buildConfigurationList = 097400361A8630B30012E465 /* Build configuration list for PBXNativeTarget "SiMYOn" */;
			buildPhases = (
				0974000F1A8630B30012E465 /* Sources */,
				097400101A8630B30012E465 /* Frameworks */,
				097400111A8630B30012E465 /* Resources */,
			);
			buildRules = (
			);
			dependencies = (
			);
			name = SiMYOn;
			productName = SiMYOn;
			productReference = 097400131A8630B30012E465 /* SiMYOn.app */;
			productType = "com.apple.product-type.application";
		};
/* End PBXNativeTarget section */

/* Begin PBXProject section */
		0974000B1A8630B30012E465 /* Project object */ = {
			isa = PBXProject;
			attributes = {
				LastUpgradeCheck = 0610;
				TargetAttributes = {
					097400121A8630B30012E465 = {
						CreatedOnToolsVersion = 6.1.1;
						DevelopmentTeam = 8Q6HQ96RC4;
						SystemCapabilities = {
							com.apple.BackgroundModes = {
								enabled = 1;
							};
							com.apple.InAppPurchase = {
								enabled = 0;
							};
						};
					};
					0984984A1ADABDB20049BEB1 = {
						CreatedOnToolsVersion = 6.3;
					};
				};
			};
			buildConfigurationList = 0974000E1A8630B30012E465 /* Build configuration list for PBXProject "SiMYOn" */;
			compatibilityVersion = "Xcode 3.2";
			developmentRegion = English;
			hasScannedForEncodings = 0;
			knownRegions = (
				en,
				Base,
			);
			mainGroup = 0974000A1A8630B30012E465;
			productRefGroup = 097400141A8630B30012E465 /* Products */;
			projectDirPath = "";
			projectRoot = "";
			targets = (
				097400121A8630B30012E465 /* SiMYOn */,
				0984984A1ADABDB20049BEB1 /* OCLint */,
			);
		};
/* End PBXProject section */

/* Begin PBXResourcesBuildPhase section */
		097400111A8630B30012E465 /* Resources */ = {
			isa = PBXResourcesBuildPhase;
			buildActionMask = 2147483647;
			files = (
				09E547931AA3DE0600985223 /* font.ttf in Resources */,
				09C29CCC1AA7F9D4005E4E4F /* btn_logout.png in Resources */,
				097400AA1A8826120012E465 /* game_bottom.png in Resources */,
				09AC60571AF6E76D00963EB6 /* BestScoresViewController.xib in Resources */,
				097400971A880B280012E465 /* btn_return.png in Resources */,
				09CE76E01AAB8C4900244ABF /* lost_sync.png in Resources */,
				09A3E1001A9904280016FC24 /* splash.png in Resources */,
				09AC606C1AF6E76D00963EB6 /* NotSupportedViewController.xib in Resources */,
				09A3E0FD1A9904280016FC24 /* credits.png in Resources */,
				09C29CCB1AA7F9D4005E4E4F /* btn_login.png in Resources */,
				0974008A1A880A130012E465 /* blip3.mp3 in Resources */,
				097400271A8630B30012E465 /* LaunchScreen.xib in Resources */,
				09CE76D51AAAA31500244ABF /* btn_sound_off.png in Resources */,
				09A3E1221A9BE3BA0016FC24 /* game_ready.png in Resources */,
				09A3E1021A99045E0016FC24 /* best_scores.png in Resources */,
				09A3E1261A9BEC380016FC24 /* btn_back_to_menu.png in Resources */,
				097400921A880A130012E465 /* instructions.png in Resources */,
				095060E01B30EFF000911A4D /* BestScoresViewController_iPad.xib in Resources */,
				0974008D1A880A130012E465 /* btn_credits.png in Resources */,
				097400891A880A130012E465 /* blip2.mp3 in Resources */,
				097400911A880A130012E465 /* game.png in Resources */,
				097400AC1A8826120012E465 /* game_right.png in Resources */,
				097400AB1A8826120012E465 /* game_left.png in Resources */,
				0974008C1A880A130012E465 /* btn_best_scores.png in Resources */,
				09AC60671AF6E76D00963EB6 /* MainViewController_6Plus.xib in Resources */,
				095060D91B30E6DA00911A4D /* GameOverViewController_iPad.xib in Resources */,
				09A3E0FE1A9904280016FC24 /* gameover.png in Resources */,
				09C29CCE1AA7FA05005E4E4F /* player.png in Resources */,
				095060D51B30E6B500911A4D /* SyncViewController_iPad.xib in Resources */,
				097400901A880A130012E465 /* btn_play.png in Resources */,
				09AC60621AF6E76D00963EB6 /* GameViewController.xib in Resources */,
				09AC60701AF6E76D00963EB6 /* SyncViewController.xib in Resources */,
				09A3E1181A9BD1EB0016FC24 /* sync2.png in Resources */,
				097400931A880A130012E465 /* menu.png in Resources */,
				09BE555C1B38B3C900B4DFAF /* gameover_ipad.png in Resources */,
				09A3E1171A9BD1EB0016FC24 /* sync1.png in Resources */,
				09A3E1201A9BE23B0016FC24 /* miss.mp3 in Resources */,
				095060D71B30E6C700911A4D /* GameViewController_iPad.xib in Resources */,
				09AC60641AF6E76D00963EB6 /* InstructionsViewController.xib in Resources */,
				09AC60591AF6E76D00963EB6 /* CreditsViewController.xib in Resources */,
				09AC605C1AF6E76D00963EB6 /* GameOverViewController_6Plus.xib in Resources */,
				09A3E11F1A9BE23B0016FC24 /* go.mp3 in Resources */,
				09BE555E1B38B4F200B4DFAF /* back_to_menu.png in Resources */,
				095060D31B30E6A400911A4D /* MainViewController_iPad.xib in Resources */,
				09AC60691AF6E76D00963EB6 /* MainViewController.xib in Resources */,
				09AC60661AF6E76D00963EB6 /* MainViewController_6.xib in Resources */,
				09C444651AC87C22003F0CF9 /* background.png in Resources */,
				09AC605E1AF6E76D00963EB6 /* GameOverViewController.xib in Resources */,
				09AC60551AF6E76D00963EB6 /* BestScoresViewController_6Plus.xib in Resources */,
				09CE76D61AAAA31500244ABF /* btn_sound_on.png in Resources */,
				09AC605B1AF6E76D00963EB6 /* GameOverViewController_6.xib in Resources */,
				09AC605F1AF6E76D00963EB6 /* GameViewController_6.xib in Resources */,
				09483E201AD3ED5900FFBF6F /* bracelet.png in Resources */,
				0974008B1A880A130012E465 /* blip4.mp3 in Resources */,
				09AC60541AF6E76D00963EB6 /* BestScoresViewController_6.xib in Resources */,
				097400241A8630B30012E465 /* Images.xcassets in Resources */,
				0974008F1A880A130012E465 /* btn_instructions.png in Resources */,
				09A3E1121A9BCB280016FC24 /* game_miss.png in Resources */,
				097400881A880A130012E465 /* blip1.mp3 in Resources */,
				09CE76CE1AAA91DD00244ABF /* best_scores_loading.png in Resources */,
				09A3E1241A9BE4FA0016FC24 /* game_good.png in Resources */,
				09C29CD01AA8F996005E4E4F /* no_internet_connection.png in Resources */,
				097400AD1A8826120012E465 /* game_top.png in Resources */,
				09C29CC81AA7D901005E4E4F /* best_scores_no_connection.png in Resources */,
				09A3E1111A9BCB280016FC24 /* game_go.png in Resources */,
				09AC60601AF6E76D00963EB6 /* GameViewController_6Plus.xib in Resources */,
				09A3E11C1A9BD2340016FC24 /* btn_sync_no_myo.png in Resources */,
				09A3E11B1A9BD2340016FC24 /* btn_sync_myo.png in Resources */,
			);
			runOnlyForDeploymentPostprocessing = 0;
		};
/* End PBXResourcesBuildPhase section */

/* Begin PBXShellScriptBuildPhase section */
		0984984E1ADABE780049BEB1 /* ShellScript */ = {
			isa = PBXShellScriptBuildPhase;
			buildActionMask = 2147483647;
			files = (
			);
			inputPaths = (
			);
			outputPaths = (
			);
			runOnlyForDeploymentPostprocessing = 0;
			shellPath = /bin/sh;
			shellScript = "source ~/.bash_profile\n\nhash oclint &> /dev/null\nif [ $? -eq 1 ]; then\necho >&2 \"oclint not found, analyzing stopped\"\nexit 1\nfi\n\ncd ${TARGET_TEMP_DIR}\n\nif [ ! -f compile_commands.json ]; then\necho \"[*] compile_commands.json not found, possibly clean was performed\"\necho \"[*] starting xcodebuild to rebuild the project..\"\n# clean previous output\nif [ -f xcodebuild.log ]; then\nrm xcodebuild.log\nfi\n\ncd ${SRCROOT/Code}\n\nxcodebuild clean\n\n#build xcodebuild.log\nxcodebuild | tee ${TARGET_TEMP_DIR}/xcodebuild.log\n#xcodebuild <options>| tee ${TARGET_TEMP_DIR}/xcodebuild.log\n\necho \"[*] transforming xcodebuild.log into compile_commands.json...\"\ncd ${TARGET_TEMP_DIR}\n#transform it into compile_commands.json\noclint-xcodebuild\n\necho \"[*] copy compile_commands.json to the project root...\"\ncp ${TARGET_TEMP_DIR}/compile_commands.json ${SRCROOT}/compile_commands.json\n\nfi\n\necho \"[*] starting analyzing\"\ncd ${TARGET_TEMP_DIR}\noclint-json-compilation-database | sed 's/\\(.*\\.\\m\\{1,2\\}:[0-9]*:[0-9]*:\\)/\\1 warning:/'";
		};
/* End PBXShellScriptBuildPhase section */

/* Begin PBXSourcesBuildPhase section */
		0974000F1A8630B30012E465 /* Sources */ = {
			isa = PBXSourcesBuildPhase;
			buildActionMask = 2147483647;
			files = (
				09AC60581AF6E76D00963EB6 /* CreditsViewController.m in Sources */,
				09AC60681AF6E76D00963EB6 /* MainViewController.m in Sources */,
				09AC606E1AF6E76D00963EB6 /* Ranking.m in Sources */,
				09AC605A1AF6E76D00963EB6 /* Facebook.m in Sources */,
				09AC60631AF6E76D00963EB6 /* InstructionsViewController.m in Sources */,
				09AC606D1AF6E76D00963EB6 /* Player.m in Sources */,
				09AC60711AF6E76D00963EB6 /* Util.m in Sources */,
				09AC606F1AF6E76D00963EB6 /* SyncViewController.m in Sources */,
				09AC606A1AF6E76D00963EB6 /* Myo.m in Sources */,
				09AC60611AF6E76D00963EB6 /* GameViewController.m in Sources */,
				09AC606B1AF6E76D00963EB6 /* NotSupportedViewController.m in Sources */,
				09AC60531AF6E76D00963EB6 /* AppDelegate.m in Sources */,
				09AC60561AF6E76D00963EB6 /* BestScoresViewController.m in Sources */,
				09AC605D1AF6E76D00963EB6 /* GameOverViewController.m in Sources */,
				09AC60651AF6E76D00963EB6 /* main.m in Sources */,
				093DD13A1ADC8EA4000BC344 /* MBProgressHUD.m in Sources */,
			);
			runOnlyForDeploymentPostprocessing = 0;
		};
/* End PBXSourcesBuildPhase section */

/* Begin PBXVariantGroup section */
		097400251A8630B30012E465 /* LaunchScreen.xib */ = {
			isa = PBXVariantGroup;
			children = (
				097400261A8630B30012E465 /* Base */,
			);
			name = LaunchScreen.xib;
			sourceTree = "<group>";
		};
/* End PBXVariantGroup section */

/* Begin XCBuildConfiguration section */
		097400341A8630B30012E465 /* Debug */ = {
			isa = XCBuildConfiguration;
			buildSettings = {
				ALWAYS_SEARCH_USER_PATHS = NO;
				CLANG_CXX_LANGUAGE_STANDARD = "gnu++0x";
				CLANG_CXX_LIBRARY = "libc++";
				CLANG_ENABLE_MODULES = YES;
				CLANG_ENABLE_OBJC_ARC = YES;
				CLANG_WARN_BOOL_CONVERSION = YES;
				CLANG_WARN_CONSTANT_CONVERSION = YES;
				CLANG_WARN_DIRECT_OBJC_ISA_USAGE = YES_ERROR;
				CLANG_WARN_EMPTY_BODY = YES;
				CLANG_WARN_ENUM_CONVERSION = YES;
				CLANG_WARN_INT_CONVERSION = YES;
				CLANG_WARN_OBJC_ROOT_CLASS = YES_ERROR;
				CLANG_WARN_UNREACHABLE_CODE = YES;
				CLANG_WARN__DUPLICATE_METHOD_MATCH = YES;
				"CODE_SIGN_IDENTITY[sdk=iphoneos*]" = "iPhone Developer";
				COPY_PHASE_STRIP = NO;
				ENABLE_STRICT_OBJC_MSGSEND = YES;
				GCC_C_LANGUAGE_STANDARD = gnu99;
				GCC_DYNAMIC_NO_PIC = NO;
				GCC_OPTIMIZATION_LEVEL = 0;
				GCC_PREPROCESSOR_DEFINITIONS = (
					"DEBUG=1",
					"$(inherited)",
				);
				GCC_SYMBOLS_PRIVATE_EXTERN = NO;
				GCC_WARN_64_TO_32_BIT_CONVERSION = YES;
				GCC_WARN_ABOUT_RETURN_TYPE = YES_ERROR;
				GCC_WARN_UNDECLARED_SELECTOR = YES;
				GCC_WARN_UNINITIALIZED_AUTOS = YES_AGGRESSIVE;
				GCC_WARN_UNUSED_FUNCTION = YES;
				GCC_WARN_UNUSED_VARIABLE = YES;
				IPHONEOS_DEPLOYMENT_TARGET = 8.1;
				MTL_ENABLE_DEBUG_INFO = YES;
				ONLY_ACTIVE_ARCH = YES;
				SDKROOT = iphoneos;
			};
			name = Debug;
		};
		097400351A8630B30012E465 /* Release */ = {
			isa = XCBuildConfiguration;
			buildSettings = {
				ALWAYS_SEARCH_USER_PATHS = NO;
				CLANG_CXX_LANGUAGE_STANDARD = "gnu++0x";
				CLANG_CXX_LIBRARY = "libc++";
				CLANG_ENABLE_MODULES = YES;
				CLANG_ENABLE_OBJC_ARC = YES;
				CLANG_WARN_BOOL_CONVERSION = YES;
				CLANG_WARN_CONSTANT_CONVERSION = YES;
				CLANG_WARN_DIRECT_OBJC_ISA_USAGE = YES_ERROR;
				CLANG_WARN_EMPTY_BODY = YES;
				CLANG_WARN_ENUM_CONVERSION = YES;
				CLANG_WARN_INT_CONVERSION = YES;
				CLANG_WARN_OBJC_ROOT_CLASS = YES_ERROR;
				CLANG_WARN_UNREACHABLE_CODE = YES;
				CLANG_WARN__DUPLICATE_METHOD_MATCH = YES;
				"CODE_SIGN_IDENTITY[sdk=iphoneos*]" = "iPhone Developer";
				COPY_PHASE_STRIP = YES;
				ENABLE_NS_ASSERTIONS = NO;
				ENABLE_STRICT_OBJC_MSGSEND = YES;
				GCC_C_LANGUAGE_STANDARD = gnu99;
				GCC_WARN_64_TO_32_BIT_CONVERSION = YES;
				GCC_WARN_ABOUT_RETURN_TYPE = YES_ERROR;
				GCC_WARN_UNDECLARED_SELECTOR = YES;
				GCC_WARN_UNINITIALIZED_AUTOS = YES_AGGRESSIVE;
				GCC_WARN_UNUSED_FUNCTION = YES;
				GCC_WARN_UNUSED_VARIABLE = YES;
				IPHONEOS_DEPLOYMENT_TARGET = 8.1;
				MTL_ENABLE_DEBUG_INFO = NO;
				SDKROOT = iphoneos;
				VALIDATE_PRODUCT = YES;
			};
			name = Release;
		};
		097400371A8630B30012E465 /* Debug */ = {
			isa = XCBuildConfiguration;
			buildSettings = {
				ASSETCATALOG_COMPILER_APPICON_NAME = AppIcon;
				ASSETCATALOG_COMPILER_LAUNCHIMAGE_NAME = LaunchImage;
				CODE_SIGN_IDENTITY = "iPhone Developer";
				FRAMEWORK_SEARCH_PATHS = (
					SiMYOn,
					"$(PROJECT_DIR)/SiMYOn/Frameworks",
				);
				INFOPLIST_FILE = SiMYOn/Info.plist;
				IPHONEOS_DEPLOYMENT_TARGET = 7.0;
				LD_RUNPATH_SEARCH_PATHS = "$(inherited) @executable_path/Frameworks";
				PRODUCT_NAME = "$(TARGET_NAME)";
				TARGETED_DEVICE_FAMILY = "1,2";
			};
			name = Debug;
		};
		097400381A8630B30012E465 /* Release */ = {
			isa = XCBuildConfiguration;
			buildSettings = {
				ASSETCATALOG_COMPILER_APPICON_NAME = AppIcon;
				ASSETCATALOG_COMPILER_LAUNCHIMAGE_NAME = LaunchImage;
				CODE_SIGN_IDENTITY = "iPhone Developer";
				FRAMEWORK_SEARCH_PATHS = (
					SiMYOn,
					"$(PROJECT_DIR)/SiMYOn/Frameworks",
				);
				INFOPLIST_FILE = SiMYOn/Info.plist;
				IPHONEOS_DEPLOYMENT_TARGET = 7.0;
				LD_RUNPATH_SEARCH_PATHS = "$(inherited) @executable_path/Frameworks";
				PRODUCT_NAME = "$(TARGET_NAME)";
				TARGETED_DEVICE_FAMILY = "1,2";
			};
			name = Release;
		};
		0984984B1ADABDB20049BEB1 /* Debug */ = {
			isa = XCBuildConfiguration;
			buildSettings = {
				PRODUCT_NAME = "$(TARGET_NAME)";
			};
			name = Debug;
		};
		0984984C1ADABDB20049BEB1 /* Release */ = {
			isa = XCBuildConfiguration;
			buildSettings = {
				PRODUCT_NAME = "$(TARGET_NAME)";
			};
			name = Release;
		};
/* End XCBuildConfiguration section */

/* Begin XCConfigurationList section */
		0974000E1A8630B30012E465 /* Build configuration list for PBXProject "SiMYOn" */ = {
			isa = XCConfigurationList;
			buildConfigurations = (
				097400341A8630B30012E465 /* Debug */,
				097400351A8630B30012E465 /* Release */,
			);
			defaultConfigurationIsVisible = 0;
			defaultConfigurationName = Release;
		};
		097400361A8630B30012E465 /* Build configuration list for PBXNativeTarget "SiMYOn" */ = {
			isa = XCConfigurationList;
			buildConfigurations = (
				097400371A8630B30012E465 /* Debug */,
				097400381A8630B30012E465 /* Release */,
			);
			defaultConfigurationIsVisible = 0;
			defaultConfigurationName = Release;
		};
		0984984D1ADABDB20049BEB1 /* Build configuration list for PBXAggregateTarget "OCLint" */ = {
			isa = XCConfigurationList;
			buildConfigurations = (
				0984984B1ADABDB20049BEB1 /* Debug */,
				0984984C1ADABDB20049BEB1 /* Release */,
			);
			defaultConfigurationIsVisible = 0;
			defaultConfigurationName = Release;
		};
/* End XCConfigurationList section */
	};
	rootObject = 0974000B1A8630B30012E465 /* Project object */;
}
